// !$*UTF8*$!
{
	archiveVersion = 1;
	classes = {
	};
	objectVersion = 56;
	objects = {

/* Begin PBXBuildFile section */
		719DD582EE393460C294C190 /* Pods_Food_Delivery_App.framework in Frameworks */ = {isa = PBXBuildFile; fileRef = A79F0B34CEEBBA7DC95C6C1D /* Pods_Food_Delivery_App.framework */; };
		DC022B7E2B1C8A82001608DF /* PlaceOrderItemCell.swift in Sources */ = {isa = PBXBuildFile; fileRef = DC022B7C2B1C8A82001608DF /* PlaceOrderItemCell.swift */; };
		DC022B7F2B1C8A82001608DF /* PlaceOrderItemCell.xib in Resources */ = {isa = PBXBuildFile; fileRef = DC022B7D2B1C8A82001608DF /* PlaceOrderItemCell.xib */; };
		DC18C49D2B177DE70054DFC0 /* OnboardingViewModelProtocol.swift in Sources */ = {isa = PBXBuildFile; fileRef = DC18C49C2B177DE70054DFC0 /* OnboardingViewModelProtocol.swift */; };
		DC18C49F2B177E1C0054DFC0 /* OnboardingViewModel.swift in Sources */ = {isa = PBXBuildFile; fileRef = DC18C49E2B177E1C0054DFC0 /* OnboardingViewModel.swift */; };
		DC31C3832B1A0FD3001B86F7 /* DetailItemImageViewCell.swift in Sources */ = {isa = PBXBuildFile; fileRef = DC31C3812B1A0FD3001B86F7 /* DetailItemImageViewCell.swift */; };
		DC31C3842B1A0FD3001B86F7 /* DetailItemImageViewCell.xib in Resources */ = {isa = PBXBuildFile; fileRef = DC31C3822B1A0FD3001B86F7 /* DetailItemImageViewCell.xib */; };
		DC31C3862B1A1317001B86F7 /* DetailViewModel.swift in Sources */ = {isa = PBXBuildFile; fileRef = DC31C3852B1A1317001B86F7 /* DetailViewModel.swift */; };
		DC31C38A2B1A132C001B86F7 /* DetailViewModelProtocol.swift in Sources */ = {isa = PBXBuildFile; fileRef = DC31C3892B1A132C001B86F7 /* DetailViewModelProtocol.swift */; };
		DC31C38C2B1A40EE001B86F7 /* Singleton.swift in Sources */ = {isa = PBXBuildFile; fileRef = DC31C38B2B1A40EE001B86F7 /* Singleton.swift */; };
		DC34D36C2B1F5D6100E3ABF3 /* TableView+Extension.swift in Sources */ = {isa = PBXBuildFile; fileRef = DC34D36B2B1F5D6100E3ABF3 /* TableView+Extension.swift */; };
		DC34D36E2B1F5D9600E3ABF3 /* CollectionView+Extension.swift in Sources */ = {isa = PBXBuildFile; fileRef = DC34D36D2B1F5D9600E3ABF3 /* CollectionView+Extension.swift */; };
		DC5BF67B2B0E92BF00EA0F6D /* HomeTableItemSliderCell.swift in Sources */ = {isa = PBXBuildFile; fileRef = DC5BF6792B0E92BF00EA0F6D /* HomeTableItemSliderCell.swift */; };
		DC5BF67C2B0E92BF00EA0F6D /* HomeTableItemSliderCell.xib in Resources */ = {isa = PBXBuildFile; fileRef = DC5BF67A2B0E92BF00EA0F6D /* HomeTableItemSliderCell.xib */; };
		DC5BF6802B0E97E600EA0F6D /* CategoryViewController.swift in Sources */ = {isa = PBXBuildFile; fileRef = DC5BF67E2B0E97E600EA0F6D /* CategoryViewController.swift */; };
		DC5BF6812B0E97E600EA0F6D /* CategoryViewController.xib in Resources */ = {isa = PBXBuildFile; fileRef = DC5BF67F2B0E97E600EA0F6D /* CategoryViewController.xib */; };
		DC5BF6852B0E980500EA0F6D /* CategoryTableItemCell.swift in Sources */ = {isa = PBXBuildFile; fileRef = DC5BF6832B0E980500EA0F6D /* CategoryTableItemCell.swift */; };
		DC5BF6862B0E980500EA0F6D /* CategoryTableItemCell.xib in Resources */ = {isa = PBXBuildFile; fileRef = DC5BF6842B0E980500EA0F6D /* CategoryTableItemCell.xib */; };
		DC5BF6892B0E9A3600EA0F6D /* FoodsResponse.swift in Sources */ = {isa = PBXBuildFile; fileRef = DC5BF6882B0E9A3600EA0F6D /* FoodsResponse.swift */; };
		DC5BF68B2B0E9DA800EA0F6D /* Colors.xcassets in Resources */ = {isa = PBXBuildFile; fileRef = DC5BF68A2B0E9DA800EA0F6D /* Colors.xcassets */; };
		DC72BCA52B12A1960017D671 /* CartResponse.swift in Sources */ = {isa = PBXBuildFile; fileRef = DC72BCA42B12A1960017D671 /* CartResponse.swift */; };
		DC72BCA72B134AC40017D671 /* Cell in Resources */ = {isa = PBXBuildFile; fileRef = DC72BCA62B134AC40017D671 /* Cell */; };
		DC72BCAB2B1387160017D671 /* OrderViewController.xib in Resources */ = {isa = PBXBuildFile; fileRef = DC72BCA92B1387160017D671 /* OrderViewController.xib */; };
		DC72BCAC2B1387160017D671 /* OrderViewController.swift in Sources */ = {isa = PBXBuildFile; fileRef = DC72BCAA2B1387160017D671 /* OrderViewController.swift */; };
		DC72BCAE2B1482240017D671 /* CardFoodResponse.swift in Sources */ = {isa = PBXBuildFile; fileRef = DC72BCAD2B1482240017D671 /* CardFoodResponse.swift */; };
		DC72BCB02B1485870017D671 /* CartViewModelProtocol.swift in Sources */ = {isa = PBXBuildFile; fileRef = DC72BCAF2B1485870017D671 /* CartViewModelProtocol.swift */; };
		DC72BCB22B1485D40017D671 /* CartViewModel.swift in Sources */ = {isa = PBXBuildFile; fileRef = DC72BCB12B1485D40017D671 /* CartViewModel.swift */; };
		DC777E232B1DE96E002C474D /* ProfileTableItemCell.swift in Sources */ = {isa = PBXBuildFile; fileRef = DC777E212B1DE96E002C474D /* ProfileTableItemCell.swift */; };
		DC777E242B1DE96E002C474D /* ProfileTableItemCell.xib in Resources */ = {isa = PBXBuildFile; fileRef = DC777E222B1DE96E002C474D /* ProfileTableItemCell.xib */; };
		DC777E262B1DEC73002C474D /* Profile.swift in Sources */ = {isa = PBXBuildFile; fileRef = DC777E252B1DEC73002C474D /* Profile.swift */; };
		DC777E292B1DEDC5002C474D /* ProfileViewModelProtocol.swift in Sources */ = {isa = PBXBuildFile; fileRef = DC777E282B1DEDC5002C474D /* ProfileViewModelProtocol.swift */; };
		DC777E2B2B1DEF7C002C474D /* ProfileViewModel.swift in Sources */ = {isa = PBXBuildFile; fileRef = DC777E2A2B1DEF7C002C474D /* ProfileViewModel.swift */; };
		DC777E342B1E022A002C474D /* SettingsViewController.swift in Sources */ = {isa = PBXBuildFile; fileRef = DC777E322B1E022A002C474D /* SettingsViewController.swift */; };
		DC777E352B1E022A002C474D /* SettingsViewController.xib in Resources */ = {isa = PBXBuildFile; fileRef = DC777E332B1E022A002C474D /* SettingsViewController.xib */; };
		DC777E392B1E02ED002C474D /* SettingsDarkModeItemCell.swift in Sources */ = {isa = PBXBuildFile; fileRef = DC777E372B1E02ED002C474D /* SettingsDarkModeItemCell.swift */; };
		DC777E3A2B1E02ED002C474D /* SettingsDarkModeItemCell.xib in Resources */ = {isa = PBXBuildFile; fileRef = DC777E382B1E02ED002C474D /* SettingsDarkModeItemCell.xib */; };
		DC777E3D2B1E046E002C474D /* SettingsViewModelProtocol.swift in Sources */ = {isa = PBXBuildFile; fileRef = DC777E3C2B1E046E002C474D /* SettingsViewModelProtocol.swift */; };
		DC777E3F2B1E048C002C474D /* SettingsModel.swift in Sources */ = {isa = PBXBuildFile; fileRef = DC777E3E2B1E048C002C474D /* SettingsModel.swift */; };
		DC777E412B1E0A93002C474D /* SettingsViewModel.swift in Sources */ = {isa = PBXBuildFile; fileRef = DC777E402B1E0A93002C474D /* SettingsViewModel.swift */; };
		DCA353142B24CC2300184D0B /* QuantityTableItemCell.swift in Sources */ = {isa = PBXBuildFile; fileRef = DCA353122B24CC2300184D0B /* QuantityTableItemCell.swift */; };
		DCA353152B24CC2300184D0B /* QuantityTableItemCell.xib in Resources */ = {isa = PBXBuildFile; fileRef = DCA353132B24CC2300184D0B /* QuantityTableItemCell.xib */; };
		DCA353182B25B95600184D0B /* AddtoCartTableItemCell.swift in Sources */ = {isa = PBXBuildFile; fileRef = DCA353162B25B95600184D0B /* AddtoCartTableItemCell.swift */; };
		DCA353192B25B95600184D0B /* AddtoCartTableItemCell.xib in Resources */ = {isa = PBXBuildFile; fileRef = DCA353172B25B95600184D0B /* AddtoCartTableItemCell.xib */; };
		DCA8381A2B260F3C00811A8C /* DetailViewController.xib in Resources */ = {isa = PBXBuildFile; fileRef = DCC51B952B10CD0C0059DACF /* DetailViewController.xib */; };
		DCC51B842B0FC4EC0059DACF /* MainTabController.swift in Sources */ = {isa = PBXBuildFile; fileRef = DCC51B832B0FC4EC0059DACF /* MainTabController.swift */; };
		DCC51B8B2B0FCECB0059DACF /* CartViewController.swift in Sources */ = {isa = PBXBuildFile; fileRef = DCC51B892B0FCECB0059DACF /* CartViewController.swift */; };
		DCC51B8C2B0FCECB0059DACF /* CartViewController.xib in Resources */ = {isa = PBXBuildFile; fileRef = DCC51B8A2B0FCECB0059DACF /* CartViewController.xib */; };
		DCC51B8E2B0FD3B50059DACF /* Slider.swift in Sources */ = {isa = PBXBuildFile; fileRef = DCC51B8D2B0FD3B50059DACF /* Slider.swift */; };
		DCC51B962B10CD0C0059DACF /* DetailViewController.swift in Sources */ = {isa = PBXBuildFile; fileRef = DCC51B942B10CD0C0059DACF /* DetailViewController.swift */; };
		DCC6694C2B121E8D00BE1233 /* UIViewController+Extension.swift in Sources */ = {isa = PBXBuildFile; fileRef = DCC6694B2B121E8D00BE1233 /* UIViewController+Extension.swift */; };
		DCC669502B12204B00BE1233 /* CartDataProviderProtocol.swift in Sources */ = {isa = PBXBuildFile; fileRef = DCC6694F2B12204B00BE1233 /* CartDataProviderProtocol.swift */; };
		DCC669522B12205800BE1233 /* CartDataProvider.swift in Sources */ = {isa = PBXBuildFile; fileRef = DCC669512B12205800BE1233 /* CartDataProvider.swift */; };
		DCC669552B12215300BE1233 /* Model.xcdatamodeld in Sources */ = {isa = PBXBuildFile; fileRef = DCC669532B12215300BE1233 /* Model.xcdatamodeld */; };
		DCC6695A2B122DAE00BE1233 /* CartItemTableCell.swift in Sources */ = {isa = PBXBuildFile; fileRef = DCC669582B122DAE00BE1233 /* CartItemTableCell.swift */; };
		DCC6695B2B122DAE00BE1233 /* CartItemTableCell.xib in Resources */ = {isa = PBXBuildFile; fileRef = DCC669592B122DAE00BE1233 /* CartItemTableCell.xib */; };
		DCCD73922B11368000D81F9F /* OnboardingSlide.swift in Sources */ = {isa = PBXBuildFile; fileRef = DCCD73912B11368000D81F9F /* OnboardingSlide.swift */; };
		DCCD73962B11380E00D81F9F /* OnboardingCell.swift in Sources */ = {isa = PBXBuildFile; fileRef = DCCD73942B11380E00D81F9F /* OnboardingCell.swift */; };
		DCCD73972B11380E00D81F9F /* OnboardingCell.xib in Resources */ = {isa = PBXBuildFile; fileRef = DCCD73952B11380E00D81F9F /* OnboardingCell.xib */; };
		DCD8AAA62B0F544900DCC39A /* HomeDataProvider.swift in Sources */ = {isa = PBXBuildFile; fileRef = DCD8AAA52B0F544900DCC39A /* HomeDataProvider.swift */; };
		DCD8AAA82B0F546D00DCC39A /* HomeDataProviderProtocol.swift in Sources */ = {isa = PBXBuildFile; fileRef = DCD8AAA72B0F546D00DCC39A /* HomeDataProviderProtocol.swift */; };
		DCD8AAAB2B0F5CB500DCC39A /* HomeViewModel.swift in Sources */ = {isa = PBXBuildFile; fileRef = DCD8AAAA2B0F5CB500DCC39A /* HomeViewModel.swift */; };
		DCD8AAAD2B0F5CCA00DCC39A /* HomeViewModelProtocol.swift in Sources */ = {isa = PBXBuildFile; fileRef = DCD8AAAC2B0F5CCA00DCC39A /* HomeViewModelProtocol.swift */; };
		DCD8AAB42B0F75EA00DCC39A /* SliderCollectionViewItemCell.swift in Sources */ = {isa = PBXBuildFile; fileRef = DCD8AAB22B0F75EA00DCC39A /* SliderCollectionViewItemCell.swift */; };
		DCD8AAB52B0F75EA00DCC39A /* SliderCollectionViewItemCell.xib in Resources */ = {isa = PBXBuildFile; fileRef = DCD8AAB32B0F75EA00DCC39A /* SliderCollectionViewItemCell.xib */; };
		DCD8AAB72B0F884800DCC39A /* GradientViews.swift in Sources */ = {isa = PBXBuildFile; fileRef = DCD8AAB62B0F884800DCC39A /* GradientViews.swift */; };
		DCD8AAC42B0F903A00DCC39A /* FoodsViewController.swift in Sources */ = {isa = PBXBuildFile; fileRef = DCD8AAC22B0F903A00DCC39A /* FoodsViewController.swift */; };
		DCD8AAC52B0F903A00DCC39A /* FoodsViewController.xib in Resources */ = {isa = PBXBuildFile; fileRef = DCD8AAC32B0F903A00DCC39A /* FoodsViewController.xib */; };
		DCD8AAC92B0F911E00DCC39A /* FoodsDataProvider.swift in Sources */ = {isa = PBXBuildFile; fileRef = DCD8AAC82B0F911E00DCC39A /* FoodsDataProvider.swift */; };
		DCD8AACB2B0F912F00DCC39A /* FoodsDataProviderProtocol.swift in Sources */ = {isa = PBXBuildFile; fileRef = DCD8AACA2B0F912F00DCC39A /* FoodsDataProviderProtocol.swift */; };
		DCD8AACD2B0F929C00DCC39A /* FoodsViewModel.swift in Sources */ = {isa = PBXBuildFile; fileRef = DCD8AACC2B0F929C00DCC39A /* FoodsViewModel.swift */; };
		DCD8AACF2B0F92AB00DCC39A /* FoodsViewModelProtocol.swift in Sources */ = {isa = PBXBuildFile; fileRef = DCD8AACE2B0F92AB00DCC39A /* FoodsViewModelProtocol.swift */; };
		DCD8AAD32B0F974F00DCC39A /* FoodItemCell.swift in Sources */ = {isa = PBXBuildFile; fileRef = DCD8AAD12B0F974F00DCC39A /* FoodItemCell.swift */; };
		DCD8AAD42B0F974F00DCC39A /* FoodItemCell.xib in Resources */ = {isa = PBXBuildFile; fileRef = DCD8AAD22B0F974F00DCC39A /* FoodItemCell.xib */; };
		DCD8AAE02B0F9B8900DCC39A /* ChatViewController.swift in Sources */ = {isa = PBXBuildFile; fileRef = DCD8AADE2B0F9B8900DCC39A /* ChatViewController.swift */; };
		DCD8AAE12B0F9B8900DCC39A /* ChatViewController.xib in Resources */ = {isa = PBXBuildFile; fileRef = DCD8AADF2B0F9B8900DCC39A /* ChatViewController.xib */; };
		DCD8AAE62B0F9BE400DCC39A /* ProfileViewController.swift in Sources */ = {isa = PBXBuildFile; fileRef = DCD8AAE42B0F9BE400DCC39A /* ProfileViewController.swift */; };
		DCD8AAE72B0F9BE400DCC39A /* ProfileViewController.xib in Resources */ = {isa = PBXBuildFile; fileRef = DCD8AAE52B0F9BE400DCC39A /* ProfileViewController.xib */; };
		DCE602D72B0E7BB6001663B1 /* AppDelegate.swift in Sources */ = {isa = PBXBuildFile; fileRef = DCE602D62B0E7BB6001663B1 /* AppDelegate.swift */; };
		DCE602D92B0E7BB6001663B1 /* SceneDelegate.swift in Sources */ = {isa = PBXBuildFile; fileRef = DCE602D82B0E7BB6001663B1 /* SceneDelegate.swift */; };
		DCE602E02B0E7BB8001663B1 /* Assets.xcassets in Resources */ = {isa = PBXBuildFile; fileRef = DCE602DF2B0E7BB8001663B1 /* Assets.xcassets */; };
		DCE602E32B0E7BB8001663B1 /* LaunchScreen.storyboard in Resources */ = {isa = PBXBuildFile; fileRef = DCE602E12B0E7BB8001663B1 /* LaunchScreen.storyboard */; };
		DCE602EF2B0E7C34001663B1 /* ServiceManager.swift in Sources */ = {isa = PBXBuildFile; fileRef = DCE602EE2B0E7C34001663B1 /* ServiceManager.swift */; };
		DCE602F32B0E7C61001663B1 /* Constants.swift in Sources */ = {isa = PBXBuildFile; fileRef = DCE602F22B0E7C61001663B1 /* Constants.swift */; };
		DCE602FB2B0E7CFB001663B1 /* Inter-SemiBold.ttf in Resources */ = {isa = PBXBuildFile; fileRef = DCE602F62B0E7CFB001663B1 /* Inter-SemiBold.ttf */; };
		DCE602FC2B0E7CFB001663B1 /* Inter-Medium.ttf in Resources */ = {isa = PBXBuildFile; fileRef = DCE602F72B0E7CFB001663B1 /* Inter-Medium.ttf */; };
		DCE602FD2B0E7CFB001663B1 /* Inter-Regular.ttf in Resources */ = {isa = PBXBuildFile; fileRef = DCE602F82B0E7CFB001663B1 /* Inter-Regular.ttf */; };
		DCE602FE2B0E7CFB001663B1 /* Inter-ExtraBold.ttf in Resources */ = {isa = PBXBuildFile; fileRef = DCE602F92B0E7CFB001663B1 /* Inter-ExtraBold.ttf */; };
		DCE602FF2B0E7CFB001663B1 /* Inter-Bold.ttf in Resources */ = {isa = PBXBuildFile; fileRef = DCE602FA2B0E7CFB001663B1 /* Inter-Bold.ttf */; };
		DCE603022B0E7D0B001663B1 /* HomeViewController.swift in Sources */ = {isa = PBXBuildFile; fileRef = DCE603002B0E7D0B001663B1 /* HomeViewController.swift */; };
		DCE603032B0E7D0B001663B1 /* HomeViewController.xib in Resources */ = {isa = PBXBuildFile; fileRef = DCE603012B0E7D0B001663B1 /* HomeViewController.xib */; };
		DCE603072B0E7D70001663B1 /* UIColor+Extension.swift in Sources */ = {isa = PBXBuildFile; fileRef = DCE603062B0E7D70001663B1 /* UIColor+Extension.swift */; };
		DCE603092B0E7D88001663B1 /* UIFont+Extension.swift in Sources */ = {isa = PBXBuildFile; fileRef = DCE603082B0E7D88001663B1 /* UIFont+Extension.swift */; };
		DCE6030B2B0E7D9A001663B1 /* TypeAlias.swift in Sources */ = {isa = PBXBuildFile; fileRef = DCE6030A2B0E7D9A001663B1 /* TypeAlias.swift */; };
		DCE6030D2B0E7E0E001663B1 /* Icons.xcassets in Resources */ = {isa = PBXBuildFile; fileRef = DCE6030C2B0E7E0E001663B1 /* Icons.xcassets */; };
		DCE6030F2B0E80F1001663B1 /* Gradient.swift in Sources */ = {isa = PBXBuildFile; fileRef = DCE6030E2B0E80F1001663B1 /* Gradient.swift */; };
		DCE7AA4E2B15D796006099BD /* HomeCategoryCell.swift in Sources */ = {isa = PBXBuildFile; fileRef = DCE7AA4C2B15D796006099BD /* HomeCategoryCell.swift */; };
		DCE7AA4F2B15D796006099BD /* HomeCategoryCell.xib in Resources */ = {isa = PBXBuildFile; fileRef = DCE7AA4D2B15D796006099BD /* HomeCategoryCell.xib */; };
		DCE7AA512B161909006099BD /* Category.swift in Sources */ = {isa = PBXBuildFile; fileRef = DCE7AA502B161909006099BD /* Category.swift */; };
		DCE7AA552B162325006099BD /* HomeCategoryItemCell.swift in Sources */ = {isa = PBXBuildFile; fileRef = DCE7AA532B162325006099BD /* HomeCategoryItemCell.swift */; };
		DCE7AA562B162325006099BD /* HomeCategoryItemCell.xib in Resources */ = {isa = PBXBuildFile; fileRef = DCE7AA542B162325006099BD /* HomeCategoryItemCell.xib */; };
		DCE7AA5F2B16330F006099BD /* FoodTableViewCell.swift in Sources */ = {isa = PBXBuildFile; fileRef = DCE7AA5D2B16330F006099BD /* FoodTableViewCell.swift */; };
		DCE7AA602B16330F006099BD /* FoodTableViewCell.xib in Resources */ = {isa = PBXBuildFile; fileRef = DCE7AA5E2B16330F006099BD /* FoodTableViewCell.xib */; };
		DCEFB14C2B262F9C00366C79 /* OnboardingViewController.xib in Resources */ = {isa = PBXBuildFile; fileRef = DCEFB14A2B262F9C00366C79 /* OnboardingViewController.xib */; };
		DCEFB14D2B262F9C00366C79 /* OnboardingViewController.swift in Sources */ = {isa = PBXBuildFile; fileRef = DCEFB14B2B262F9C00366C79 /* OnboardingViewController.swift */; };
		DCFA2E5D2B211BD80091EFF0 /* loading.json in Resources */ = {isa = PBXBuildFile; fileRef = DCFA2E582B211BD70091EFF0 /* loading.json */; };
		DCFA2E5E2B211BD80091EFF0 /* notFound.json in Resources */ = {isa = PBXBuildFile; fileRef = DCFA2E592B211BD70091EFF0 /* notFound.json */; };
		DCFA2E5F2B211BD80091EFF0 /* success.json in Resources */ = {isa = PBXBuildFile; fileRef = DCFA2E5A2B211BD80091EFF0 /* success.json */; };
		DCFA2E602B211BD80091EFF0 /* noConnection.json in Resources */ = {isa = PBXBuildFile; fileRef = DCFA2E5B2B211BD80091EFF0 /* noConnection.json */; };
		DCFA2E612B211BD80091EFF0 /* fail.json in Resources */ = {isa = PBXBuildFile; fileRef = DCFA2E5C2B211BD80091EFF0 /* fail.json */; };
		DCFA2E652B22EC970091EFF0 /* MyFavoritesViewController.swift in Sources */ = {isa = PBXBuildFile; fileRef = DCFA2E632B22EC970091EFF0 /* MyFavoritesViewController.swift */; };
		DCFA2E662B22EC970091EFF0 /* MyFavoritesViewController.xib in Resources */ = {isa = PBXBuildFile; fileRef = DCFA2E642B22EC970091EFF0 /* MyFavoritesViewController.xib */; };
		DCFA2E6A2B22F1E00091EFF0 /* FavoriteItemTableCell.swift in Sources */ = {isa = PBXBuildFile; fileRef = DCFA2E682B22F1E00091EFF0 /* FavoriteItemTableCell.swift */; };
		DCFA2E6B2B22F1E00091EFF0 /* FavoriteItemTableCell.xib in Resources */ = {isa = PBXBuildFile; fileRef = DCFA2E692B22F1E00091EFF0 /* FavoriteItemTableCell.xib */; };
		DCFA2E6D2B22F80B0091EFF0 /* MyFavoritesViewModelProtocol.swift in Sources */ = {isa = PBXBuildFile; fileRef = DCFA2E6C2B22F80B0091EFF0 /* MyFavoritesViewModelProtocol.swift */; };
		DCFA2E6F2B22F9040091EFF0 /* MyFavoritesViewModel.swift in Sources */ = {isa = PBXBuildFile; fileRef = DCFA2E6E2B22F9040091EFF0 /* MyFavoritesViewModel.swift */; };
		DCFA2E772B2493420091EFF0 /* DetailTitleItemCell.swift in Sources */ = {isa = PBXBuildFile; fileRef = DCFA2E752B2493420091EFF0 /* DetailTitleItemCell.swift */; };
		DCFA2E782B2493420091EFF0 /* DetailTitleItemCell.xib in Resources */ = {isa = PBXBuildFile; fileRef = DCFA2E762B2493420091EFF0 /* DetailTitleItemCell.xib */; };
		DCFA2E7C2B2497650091EFF0 /* PriceTableItemCell.swift in Sources */ = {isa = PBXBuildFile; fileRef = DCFA2E7A2B2497650091EFF0 /* PriceTableItemCell.swift */; };
		DCFA2E7D2B2497650091EFF0 /* PriceTableItemCell.xib in Resources */ = {isa = PBXBuildFile; fileRef = DCFA2E7B2B2497650091EFF0 /* PriceTableItemCell.xib */; };
/* End PBXBuildFile section */

/* Begin PBXFileReference section */
		65824CF5DDBAFF4CDF81CE62 /* Pods-Food Delivery App.debug.xcconfig */ = {isa = PBXFileReference; includeInIndex = 1; lastKnownFileType = text.xcconfig; name = "Pods-Food Delivery App.debug.xcconfig"; path = "Target Support Files/Pods-Food Delivery App/Pods-Food Delivery App.debug.xcconfig"; sourceTree = "<group>"; };
		A79F0B34CEEBBA7DC95C6C1D /* Pods_Food_Delivery_App.framework */ = {isa = PBXFileReference; explicitFileType = wrapper.framework; includeInIndex = 0; path = Pods_Food_Delivery_App.framework; sourceTree = BUILT_PRODUCTS_DIR; };
		A9C5316FCC8A1EEDD3BA55A8 /* Pods-Food Delivery App.release.xcconfig */ = {isa = PBXFileReference; includeInIndex = 1; lastKnownFileType = text.xcconfig; name = "Pods-Food Delivery App.release.xcconfig"; path = "Target Support Files/Pods-Food Delivery App/Pods-Food Delivery App.release.xcconfig"; sourceTree = "<group>"; };
		DC022B7C2B1C8A82001608DF /* PlaceOrderItemCell.swift */ = {isa = PBXFileReference; lastKnownFileType = sourcecode.swift; path = PlaceOrderItemCell.swift; sourceTree = "<group>"; };
		DC022B7D2B1C8A82001608DF /* PlaceOrderItemCell.xib */ = {isa = PBXFileReference; lastKnownFileType = file.xib; path = PlaceOrderItemCell.xib; sourceTree = "<group>"; };
		DC18C49C2B177DE70054DFC0 /* OnboardingViewModelProtocol.swift */ = {isa = PBXFileReference; lastKnownFileType = sourcecode.swift; path = OnboardingViewModelProtocol.swift; sourceTree = "<group>"; };
		DC18C49E2B177E1C0054DFC0 /* OnboardingViewModel.swift */ = {isa = PBXFileReference; lastKnownFileType = sourcecode.swift; path = OnboardingViewModel.swift; sourceTree = "<group>"; };
		DC31C3812B1A0FD3001B86F7 /* DetailItemImageViewCell.swift */ = {isa = PBXFileReference; lastKnownFileType = sourcecode.swift; path = DetailItemImageViewCell.swift; sourceTree = "<group>"; };
		DC31C3822B1A0FD3001B86F7 /* DetailItemImageViewCell.xib */ = {isa = PBXFileReference; lastKnownFileType = file.xib; path = DetailItemImageViewCell.xib; sourceTree = "<group>"; };
		DC31C3852B1A1317001B86F7 /* DetailViewModel.swift */ = {isa = PBXFileReference; lastKnownFileType = sourcecode.swift; path = DetailViewModel.swift; sourceTree = "<group>"; };
		DC31C3892B1A132C001B86F7 /* DetailViewModelProtocol.swift */ = {isa = PBXFileReference; lastKnownFileType = sourcecode.swift; path = DetailViewModelProtocol.swift; sourceTree = "<group>"; };
		DC31C38B2B1A40EE001B86F7 /* Singleton.swift */ = {isa = PBXFileReference; lastKnownFileType = sourcecode.swift; path = Singleton.swift; sourceTree = "<group>"; };
		DC34D36B2B1F5D6100E3ABF3 /* TableView+Extension.swift */ = {isa = PBXFileReference; lastKnownFileType = sourcecode.swift; path = "TableView+Extension.swift"; sourceTree = "<group>"; };
		DC34D36D2B1F5D9600E3ABF3 /* CollectionView+Extension.swift */ = {isa = PBXFileReference; lastKnownFileType = sourcecode.swift; path = "CollectionView+Extension.swift"; sourceTree = "<group>"; };
		DC5BF6792B0E92BF00EA0F6D /* HomeTableItemSliderCell.swift */ = {isa = PBXFileReference; lastKnownFileType = sourcecode.swift; path = HomeTableItemSliderCell.swift; sourceTree = "<group>"; };
		DC5BF67A2B0E92BF00EA0F6D /* HomeTableItemSliderCell.xib */ = {isa = PBXFileReference; lastKnownFileType = file.xib; path = HomeTableItemSliderCell.xib; sourceTree = "<group>"; };
		DC5BF67E2B0E97E600EA0F6D /* CategoryViewController.swift */ = {isa = PBXFileReference; lastKnownFileType = sourcecode.swift; path = CategoryViewController.swift; sourceTree = "<group>"; };
		DC5BF67F2B0E97E600EA0F6D /* CategoryViewController.xib */ = {isa = PBXFileReference; lastKnownFileType = file.xib; path = CategoryViewController.xib; sourceTree = "<group>"; };
		DC5BF6832B0E980500EA0F6D /* CategoryTableItemCell.swift */ = {isa = PBXFileReference; lastKnownFileType = sourcecode.swift; path = CategoryTableItemCell.swift; sourceTree = "<group>"; };
		DC5BF6842B0E980500EA0F6D /* CategoryTableItemCell.xib */ = {isa = PBXFileReference; lastKnownFileType = file.xib; path = CategoryTableItemCell.xib; sourceTree = "<group>"; };
		DC5BF6882B0E9A3600EA0F6D /* FoodsResponse.swift */ = {isa = PBXFileReference; lastKnownFileType = sourcecode.swift; path = FoodsResponse.swift; sourceTree = "<group>"; };
		DC5BF68A2B0E9DA800EA0F6D /* Colors.xcassets */ = {isa = PBXFileReference; lastKnownFileType = folder.assetcatalog; path = Colors.xcassets; sourceTree = "<group>"; };
		DC72BCA42B12A1960017D671 /* CartResponse.swift */ = {isa = PBXFileReference; lastKnownFileType = sourcecode.swift; path = CartResponse.swift; sourceTree = "<group>"; };
		DC72BCA62B134AC40017D671 /* Cell */ = {isa = PBXFileReference; lastKnownFileType = folder; path = Cell; sourceTree = "<group>"; };
		DC72BCA92B1387160017D671 /* OrderViewController.xib */ = {isa = PBXFileReference; fileEncoding = 4; lastKnownFileType = file.xib; path = OrderViewController.xib; sourceTree = "<group>"; };
		DC72BCAA2B1387160017D671 /* OrderViewController.swift */ = {isa = PBXFileReference; fileEncoding = 4; lastKnownFileType = sourcecode.swift; path = OrderViewController.swift; sourceTree = "<group>"; };
		DC72BCAD2B1482240017D671 /* CardFoodResponse.swift */ = {isa = PBXFileReference; lastKnownFileType = sourcecode.swift; path = CardFoodResponse.swift; sourceTree = "<group>"; };
		DC72BCAF2B1485870017D671 /* CartViewModelProtocol.swift */ = {isa = PBXFileReference; lastKnownFileType = sourcecode.swift; path = CartViewModelProtocol.swift; sourceTree = "<group>"; };
		DC72BCB12B1485D40017D671 /* CartViewModel.swift */ = {isa = PBXFileReference; lastKnownFileType = sourcecode.swift; path = CartViewModel.swift; sourceTree = "<group>"; };
		DC777E212B1DE96E002C474D /* ProfileTableItemCell.swift */ = {isa = PBXFileReference; lastKnownFileType = sourcecode.swift; path = ProfileTableItemCell.swift; sourceTree = "<group>"; };
		DC777E222B1DE96E002C474D /* ProfileTableItemCell.xib */ = {isa = PBXFileReference; lastKnownFileType = file.xib; path = ProfileTableItemCell.xib; sourceTree = "<group>"; };
		DC777E252B1DEC73002C474D /* Profile.swift */ = {isa = PBXFileReference; lastKnownFileType = sourcecode.swift; path = Profile.swift; sourceTree = "<group>"; };
		DC777E282B1DEDC5002C474D /* ProfileViewModelProtocol.swift */ = {isa = PBXFileReference; lastKnownFileType = sourcecode.swift; path = ProfileViewModelProtocol.swift; sourceTree = "<group>"; };
		DC777E2A2B1DEF7C002C474D /* ProfileViewModel.swift */ = {isa = PBXFileReference; lastKnownFileType = sourcecode.swift; path = ProfileViewModel.swift; sourceTree = "<group>"; };
		DC777E322B1E022A002C474D /* SettingsViewController.swift */ = {isa = PBXFileReference; lastKnownFileType = sourcecode.swift; path = SettingsViewController.swift; sourceTree = "<group>"; };
		DC777E332B1E022A002C474D /* SettingsViewController.xib */ = {isa = PBXFileReference; lastKnownFileType = file.xib; path = SettingsViewController.xib; sourceTree = "<group>"; };
		DC777E372B1E02ED002C474D /* SettingsDarkModeItemCell.swift */ = {isa = PBXFileReference; lastKnownFileType = sourcecode.swift; path = SettingsDarkModeItemCell.swift; sourceTree = "<group>"; };
		DC777E382B1E02ED002C474D /* SettingsDarkModeItemCell.xib */ = {isa = PBXFileReference; lastKnownFileType = file.xib; path = SettingsDarkModeItemCell.xib; sourceTree = "<group>"; };
		DC777E3C2B1E046E002C474D /* SettingsViewModelProtocol.swift */ = {isa = PBXFileReference; lastKnownFileType = sourcecode.swift; path = SettingsViewModelProtocol.swift; sourceTree = "<group>"; };
		DC777E3E2B1E048C002C474D /* SettingsModel.swift */ = {isa = PBXFileReference; lastKnownFileType = sourcecode.swift; path = SettingsModel.swift; sourceTree = "<group>"; };
		DC777E402B1E0A93002C474D /* SettingsViewModel.swift */ = {isa = PBXFileReference; lastKnownFileType = sourcecode.swift; path = SettingsViewModel.swift; sourceTree = "<group>"; };
		DCA353122B24CC2300184D0B /* QuantityTableItemCell.swift */ = {isa = PBXFileReference; lastKnownFileType = sourcecode.swift; path = QuantityTableItemCell.swift; sourceTree = "<group>"; };
		DCA353132B24CC2300184D0B /* QuantityTableItemCell.xib */ = {isa = PBXFileReference; lastKnownFileType = file.xib; path = QuantityTableItemCell.xib; sourceTree = "<group>"; };
		DCA353162B25B95600184D0B /* AddtoCartTableItemCell.swift */ = {isa = PBXFileReference; lastKnownFileType = sourcecode.swift; path = AddtoCartTableItemCell.swift; sourceTree = "<group>"; };
		DCA353172B25B95600184D0B /* AddtoCartTableItemCell.xib */ = {isa = PBXFileReference; lastKnownFileType = file.xib; path = AddtoCartTableItemCell.xib; sourceTree = "<group>"; };
		DCC51B832B0FC4EC0059DACF /* MainTabController.swift */ = {isa = PBXFileReference; lastKnownFileType = sourcecode.swift; path = MainTabController.swift; sourceTree = "<group>"; };
		DCC51B892B0FCECB0059DACF /* CartViewController.swift */ = {isa = PBXFileReference; lastKnownFileType = sourcecode.swift; path = CartViewController.swift; sourceTree = "<group>"; };
		DCC51B8A2B0FCECB0059DACF /* CartViewController.xib */ = {isa = PBXFileReference; lastKnownFileType = file.xib; path = CartViewController.xib; sourceTree = "<group>"; };
		DCC51B8D2B0FD3B50059DACF /* Slider.swift */ = {isa = PBXFileReference; lastKnownFileType = sourcecode.swift; path = Slider.swift; sourceTree = "<group>"; };
		DCC51B942B10CD0C0059DACF /* DetailViewController.swift */ = {isa = PBXFileReference; lastKnownFileType = sourcecode.swift; path = DetailViewController.swift; sourceTree = "<group>"; };
		DCC51B952B10CD0C0059DACF /* DetailViewController.xib */ = {isa = PBXFileReference; lastKnownFileType = file.xib; path = DetailViewController.xib; sourceTree = "<group>"; };
		DCC6694B2B121E8D00BE1233 /* UIViewController+Extension.swift */ = {isa = PBXFileReference; lastKnownFileType = sourcecode.swift; path = "UIViewController+Extension.swift"; sourceTree = "<group>"; };
		DCC6694F2B12204B00BE1233 /* CartDataProviderProtocol.swift */ = {isa = PBXFileReference; lastKnownFileType = sourcecode.swift; path = CartDataProviderProtocol.swift; sourceTree = "<group>"; };
		DCC669512B12205800BE1233 /* CartDataProvider.swift */ = {isa = PBXFileReference; lastKnownFileType = sourcecode.swift; path = CartDataProvider.swift; sourceTree = "<group>"; };
		DCC669542B12215300BE1233 /* Model.xcdatamodel */ = {isa = PBXFileReference; lastKnownFileType = wrapper.xcdatamodel; path = Model.xcdatamodel; sourceTree = "<group>"; };
		DCC669582B122DAE00BE1233 /* CartItemTableCell.swift */ = {isa = PBXFileReference; lastKnownFileType = sourcecode.swift; path = CartItemTableCell.swift; sourceTree = "<group>"; };
		DCC669592B122DAE00BE1233 /* CartItemTableCell.xib */ = {isa = PBXFileReference; lastKnownFileType = file.xib; path = CartItemTableCell.xib; sourceTree = "<group>"; };
		DCCD73912B11368000D81F9F /* OnboardingSlide.swift */ = {isa = PBXFileReference; lastKnownFileType = sourcecode.swift; path = OnboardingSlide.swift; sourceTree = "<group>"; };
		DCCD73942B11380E00D81F9F /* OnboardingCell.swift */ = {isa = PBXFileReference; lastKnownFileType = sourcecode.swift; path = OnboardingCell.swift; sourceTree = "<group>"; };
		DCCD73952B11380E00D81F9F /* OnboardingCell.xib */ = {isa = PBXFileReference; lastKnownFileType = file.xib; path = OnboardingCell.xib; sourceTree = "<group>"; };
		DCD8AAA52B0F544900DCC39A /* HomeDataProvider.swift */ = {isa = PBXFileReference; lastKnownFileType = sourcecode.swift; path = HomeDataProvider.swift; sourceTree = "<group>"; };
		DCD8AAA72B0F546D00DCC39A /* HomeDataProviderProtocol.swift */ = {isa = PBXFileReference; lastKnownFileType = sourcecode.swift; path = HomeDataProviderProtocol.swift; sourceTree = "<group>"; };
		DCD8AAAA2B0F5CB500DCC39A /* HomeViewModel.swift */ = {isa = PBXFileReference; lastKnownFileType = sourcecode.swift; path = HomeViewModel.swift; sourceTree = "<group>"; };
		DCD8AAAC2B0F5CCA00DCC39A /* HomeViewModelProtocol.swift */ = {isa = PBXFileReference; lastKnownFileType = sourcecode.swift; path = HomeViewModelProtocol.swift; sourceTree = "<group>"; };
		DCD8AAB22B0F75EA00DCC39A /* SliderCollectionViewItemCell.swift */ = {isa = PBXFileReference; lastKnownFileType = sourcecode.swift; path = SliderCollectionViewItemCell.swift; sourceTree = "<group>"; };
		DCD8AAB32B0F75EA00DCC39A /* SliderCollectionViewItemCell.xib */ = {isa = PBXFileReference; lastKnownFileType = file.xib; path = SliderCollectionViewItemCell.xib; sourceTree = "<group>"; };
		DCD8AAB62B0F884800DCC39A /* GradientViews.swift */ = {isa = PBXFileReference; lastKnownFileType = sourcecode.swift; path = GradientViews.swift; sourceTree = "<group>"; };
		DCD8AAC22B0F903A00DCC39A /* FoodsViewController.swift */ = {isa = PBXFileReference; lastKnownFileType = sourcecode.swift; path = FoodsViewController.swift; sourceTree = "<group>"; };
		DCD8AAC32B0F903A00DCC39A /* FoodsViewController.xib */ = {isa = PBXFileReference; lastKnownFileType = file.xib; path = FoodsViewController.xib; sourceTree = "<group>"; };
		DCD8AAC82B0F911E00DCC39A /* FoodsDataProvider.swift */ = {isa = PBXFileReference; lastKnownFileType = sourcecode.swift; path = FoodsDataProvider.swift; sourceTree = "<group>"; };
		DCD8AACA2B0F912F00DCC39A /* FoodsDataProviderProtocol.swift */ = {isa = PBXFileReference; lastKnownFileType = sourcecode.swift; path = FoodsDataProviderProtocol.swift; sourceTree = "<group>"; };
		DCD8AACC2B0F929C00DCC39A /* FoodsViewModel.swift */ = {isa = PBXFileReference; lastKnownFileType = sourcecode.swift; path = FoodsViewModel.swift; sourceTree = "<group>"; };
		DCD8AACE2B0F92AB00DCC39A /* FoodsViewModelProtocol.swift */ = {isa = PBXFileReference; lastKnownFileType = sourcecode.swift; path = FoodsViewModelProtocol.swift; sourceTree = "<group>"; };
		DCD8AAD12B0F974F00DCC39A /* FoodItemCell.swift */ = {isa = PBXFileReference; lastKnownFileType = sourcecode.swift; path = FoodItemCell.swift; sourceTree = "<group>"; };
		DCD8AAD22B0F974F00DCC39A /* FoodItemCell.xib */ = {isa = PBXFileReference; lastKnownFileType = file.xib; path = FoodItemCell.xib; sourceTree = "<group>"; };
		DCD8AADE2B0F9B8900DCC39A /* ChatViewController.swift */ = {isa = PBXFileReference; lastKnownFileType = sourcecode.swift; path = ChatViewController.swift; sourceTree = "<group>"; };
		DCD8AADF2B0F9B8900DCC39A /* ChatViewController.xib */ = {isa = PBXFileReference; lastKnownFileType = file.xib; path = ChatViewController.xib; sourceTree = "<group>"; };
		DCD8AAE42B0F9BE400DCC39A /* ProfileViewController.swift */ = {isa = PBXFileReference; lastKnownFileType = sourcecode.swift; path = ProfileViewController.swift; sourceTree = "<group>"; };
		DCD8AAE52B0F9BE400DCC39A /* ProfileViewController.xib */ = {isa = PBXFileReference; lastKnownFileType = file.xib; path = ProfileViewController.xib; sourceTree = "<group>"; };
		DCE602D32B0E7BB6001663B1 /* Food Delivery App.app */ = {isa = PBXFileReference; explicitFileType = wrapper.application; includeInIndex = 0; path = "Food Delivery App.app"; sourceTree = BUILT_PRODUCTS_DIR; };
		DCE602D62B0E7BB6001663B1 /* AppDelegate.swift */ = {isa = PBXFileReference; lastKnownFileType = sourcecode.swift; path = AppDelegate.swift; sourceTree = "<group>"; };
		DCE602D82B0E7BB6001663B1 /* SceneDelegate.swift */ = {isa = PBXFileReference; lastKnownFileType = sourcecode.swift; path = SceneDelegate.swift; sourceTree = "<group>"; };
		DCE602DF2B0E7BB8001663B1 /* Assets.xcassets */ = {isa = PBXFileReference; lastKnownFileType = folder.assetcatalog; path = Assets.xcassets; sourceTree = "<group>"; };
		DCE602E22B0E7BB8001663B1 /* Base */ = {isa = PBXFileReference; lastKnownFileType = file.storyboard; name = Base; path = Base.lproj/LaunchScreen.storyboard; sourceTree = "<group>"; };
		DCE602E42B0E7BB8001663B1 /* Info.plist */ = {isa = PBXFileReference; lastKnownFileType = text.plist.xml; path = Info.plist; sourceTree = "<group>"; };
		DCE602EE2B0E7C34001663B1 /* ServiceManager.swift */ = {isa = PBXFileReference; lastKnownFileType = sourcecode.swift; path = ServiceManager.swift; sourceTree = "<group>"; };
		DCE602F22B0E7C61001663B1 /* Constants.swift */ = {isa = PBXFileReference; lastKnownFileType = sourcecode.swift; path = Constants.swift; sourceTree = "<group>"; };
		DCE602F62B0E7CFB001663B1 /* Inter-SemiBold.ttf */ = {isa = PBXFileReference; lastKnownFileType = file; path = "Inter-SemiBold.ttf"; sourceTree = "<group>"; };
		DCE602F72B0E7CFB001663B1 /* Inter-Medium.ttf */ = {isa = PBXFileReference; lastKnownFileType = file; path = "Inter-Medium.ttf"; sourceTree = "<group>"; };
		DCE602F82B0E7CFB001663B1 /* Inter-Regular.ttf */ = {isa = PBXFileReference; lastKnownFileType = file; path = "Inter-Regular.ttf"; sourceTree = "<group>"; };
		DCE602F92B0E7CFB001663B1 /* Inter-ExtraBold.ttf */ = {isa = PBXFileReference; lastKnownFileType = file; path = "Inter-ExtraBold.ttf"; sourceTree = "<group>"; };
		DCE602FA2B0E7CFB001663B1 /* Inter-Bold.ttf */ = {isa = PBXFileReference; lastKnownFileType = file; path = "Inter-Bold.ttf"; sourceTree = "<group>"; };
		DCE603002B0E7D0B001663B1 /* HomeViewController.swift */ = {isa = PBXFileReference; lastKnownFileType = sourcecode.swift; path = HomeViewController.swift; sourceTree = "<group>"; };
		DCE603012B0E7D0B001663B1 /* HomeViewController.xib */ = {isa = PBXFileReference; lastKnownFileType = file.xib; path = HomeViewController.xib; sourceTree = "<group>"; };
		DCE603062B0E7D70001663B1 /* UIColor+Extension.swift */ = {isa = PBXFileReference; lastKnownFileType = sourcecode.swift; path = "UIColor+Extension.swift"; sourceTree = "<group>"; };
		DCE603082B0E7D88001663B1 /* UIFont+Extension.swift */ = {isa = PBXFileReference; lastKnownFileType = sourcecode.swift; path = "UIFont+Extension.swift"; sourceTree = "<group>"; };
		DCE6030A2B0E7D9A001663B1 /* TypeAlias.swift */ = {isa = PBXFileReference; lastKnownFileType = sourcecode.swift; path = TypeAlias.swift; sourceTree = "<group>"; };
		DCE6030C2B0E7E0E001663B1 /* Icons.xcassets */ = {isa = PBXFileReference; lastKnownFileType = folder.assetcatalog; path = Icons.xcassets; sourceTree = "<group>"; };
		DCE6030E2B0E80F1001663B1 /* Gradient.swift */ = {isa = PBXFileReference; lastKnownFileType = sourcecode.swift; path = Gradient.swift; sourceTree = "<group>"; };
		DCE7AA4C2B15D796006099BD /* HomeCategoryCell.swift */ = {isa = PBXFileReference; lastKnownFileType = sourcecode.swift; path = HomeCategoryCell.swift; sourceTree = "<group>"; };
		DCE7AA4D2B15D796006099BD /* HomeCategoryCell.xib */ = {isa = PBXFileReference; lastKnownFileType = file.xib; path = HomeCategoryCell.xib; sourceTree = "<group>"; };
		DCE7AA502B161909006099BD /* Category.swift */ = {isa = PBXFileReference; lastKnownFileType = sourcecode.swift; path = Category.swift; sourceTree = "<group>"; };
		DCE7AA532B162325006099BD /* HomeCategoryItemCell.swift */ = {isa = PBXFileReference; lastKnownFileType = sourcecode.swift; path = HomeCategoryItemCell.swift; sourceTree = "<group>"; };
		DCE7AA542B162325006099BD /* HomeCategoryItemCell.xib */ = {isa = PBXFileReference; lastKnownFileType = file.xib; path = HomeCategoryItemCell.xib; sourceTree = "<group>"; };
		DCE7AA5D2B16330F006099BD /* FoodTableViewCell.swift */ = {isa = PBXFileReference; lastKnownFileType = sourcecode.swift; path = FoodTableViewCell.swift; sourceTree = "<group>"; };
		DCE7AA5E2B16330F006099BD /* FoodTableViewCell.xib */ = {isa = PBXFileReference; lastKnownFileType = file.xib; path = FoodTableViewCell.xib; sourceTree = "<group>"; };
		DCEFB14A2B262F9C00366C79 /* OnboardingViewController.xib */ = {isa = PBXFileReference; fileEncoding = 4; lastKnownFileType = file.xib; path = OnboardingViewController.xib; sourceTree = "<group>"; };
		DCEFB14B2B262F9C00366C79 /* OnboardingViewController.swift */ = {isa = PBXFileReference; fileEncoding = 4; lastKnownFileType = sourcecode.swift; path = OnboardingViewController.swift; sourceTree = "<group>"; };
		DCFA2E582B211BD70091EFF0 /* loading.json */ = {isa = PBXFileReference; fileEncoding = 4; lastKnownFileType = text.json; path = loading.json; sourceTree = "<group>"; };
		DCFA2E592B211BD70091EFF0 /* notFound.json */ = {isa = PBXFileReference; fileEncoding = 4; lastKnownFileType = text.json; path = notFound.json; sourceTree = "<group>"; };
		DCFA2E5A2B211BD80091EFF0 /* success.json */ = {isa = PBXFileReference; fileEncoding = 4; lastKnownFileType = text.json; path = success.json; sourceTree = "<group>"; };
		DCFA2E5B2B211BD80091EFF0 /* noConnection.json */ = {isa = PBXFileReference; fileEncoding = 4; lastKnownFileType = text.json; path = noConnection.json; sourceTree = "<group>"; };
		DCFA2E5C2B211BD80091EFF0 /* fail.json */ = {isa = PBXFileReference; fileEncoding = 4; lastKnownFileType = text.json; path = fail.json; sourceTree = "<group>"; };
		DCFA2E632B22EC970091EFF0 /* MyFavoritesViewController.swift */ = {isa = PBXFileReference; fileEncoding = 4; lastKnownFileType = sourcecode.swift; path = MyFavoritesViewController.swift; sourceTree = "<group>"; };
		DCFA2E642B22EC970091EFF0 /* MyFavoritesViewController.xib */ = {isa = PBXFileReference; fileEncoding = 4; lastKnownFileType = file.xib; path = MyFavoritesViewController.xib; sourceTree = "<group>"; };
		DCFA2E682B22F1E00091EFF0 /* FavoriteItemTableCell.swift */ = {isa = PBXFileReference; fileEncoding = 4; lastKnownFileType = sourcecode.swift; path = FavoriteItemTableCell.swift; sourceTree = "<group>"; };
		DCFA2E692B22F1E00091EFF0 /* FavoriteItemTableCell.xib */ = {isa = PBXFileReference; fileEncoding = 4; lastKnownFileType = file.xib; path = FavoriteItemTableCell.xib; sourceTree = "<group>"; };
		DCFA2E6C2B22F80B0091EFF0 /* MyFavoritesViewModelProtocol.swift */ = {isa = PBXFileReference; lastKnownFileType = sourcecode.swift; path = MyFavoritesViewModelProtocol.swift; sourceTree = "<group>"; };
		DCFA2E6E2B22F9040091EFF0 /* MyFavoritesViewModel.swift */ = {isa = PBXFileReference; lastKnownFileType = sourcecode.swift; path = MyFavoritesViewModel.swift; sourceTree = "<group>"; };
		DCFA2E752B2493420091EFF0 /* DetailTitleItemCell.swift */ = {isa = PBXFileReference; lastKnownFileType = sourcecode.swift; path = DetailTitleItemCell.swift; sourceTree = "<group>"; };
		DCFA2E762B2493420091EFF0 /* DetailTitleItemCell.xib */ = {isa = PBXFileReference; lastKnownFileType = file.xib; path = DetailTitleItemCell.xib; sourceTree = "<group>"; };
		DCFA2E7A2B2497650091EFF0 /* PriceTableItemCell.swift */ = {isa = PBXFileReference; lastKnownFileType = sourcecode.swift; path = PriceTableItemCell.swift; sourceTree = "<group>"; };
		DCFA2E7B2B2497650091EFF0 /* PriceTableItemCell.xib */ = {isa = PBXFileReference; lastKnownFileType = file.xib; path = PriceTableItemCell.xib; sourceTree = "<group>"; };
/* End PBXFileReference section */

/* Begin PBXFrameworksBuildPhase section */
		DCE602D02B0E7BB6001663B1 /* Frameworks */ = {
			isa = PBXFrameworksBuildPhase;
			buildActionMask = 2147483647;
			files = (
				719DD582EE393460C294C190 /* Pods_Food_Delivery_App.framework in Frameworks */,
			);
			runOnlyForDeploymentPostprocessing = 0;
		};
/* End PBXFrameworksBuildPhase section */

/* Begin PBXGroup section */
		2E2399B0719D0C8B7709A5EB /* Frameworks */ = {
			isa = PBXGroup;
			children = (
				A79F0B34CEEBBA7DC95C6C1D /* Pods_Food_Delivery_App.framework */,
			);
			name = Frameworks;
			sourceTree = "<group>";
		};
		DC022B7A2B1C88AC001608DF /* PlaceOrderCell */ = {
			isa = PBXGroup;
			children = (
				DC022B7C2B1C8A82001608DF /* PlaceOrderItemCell.swift */,
				DC022B7D2B1C8A82001608DF /* PlaceOrderItemCell.xib */,
			);
			path = PlaceOrderCell;
			sourceTree = "<group>";
		};
		DC022B7B2B1C88B9001608DF /* ItemCell */ = {
			isa = PBXGroup;
			children = (
				DCC669582B122DAE00BE1233 /* CartItemTableCell.swift */,
				DCC669592B122DAE00BE1233 /* CartItemTableCell.xib */,
			);
			path = ItemCell;
			sourceTree = "<group>";
		};
		DC18C4972B177D4A0054DFC0 /* ViewModel */ = {
			isa = PBXGroup;
			children = (
				DC18C49C2B177DE70054DFC0 /* OnboardingViewModelProtocol.swift */,
				DC18C49E2B177E1C0054DFC0 /* OnboardingViewModel.swift */,
			);
			path = ViewModel;
			sourceTree = "<group>";
		};
		DC5BF6762B0E905500EA0F6D /* Models */ = {
			isa = PBXGroup;
			children = (
				DCC669562B12252200BE1233 /* CoreDataModel */,
				DC5BF6882B0E9A3600EA0F6D /* FoodsResponse.swift */,
				DCCD73912B11368000D81F9F /* OnboardingSlide.swift */,
				DCC51B8D2B0FD3B50059DACF /* Slider.swift */,
				DC72BCA42B12A1960017D671 /* CartResponse.swift */,
				DC72BCAD2B1482240017D671 /* CardFoodResponse.swift */,
				DCE7AA502B161909006099BD /* Category.swift */,
				DC31C38B2B1A40EE001B86F7 /* Singleton.swift */,
				DC777E252B1DEC73002C474D /* Profile.swift */,
				DC777E3E2B1E048C002C474D /* SettingsModel.swift */,
			);
			path = Models;
			sourceTree = "<group>";
		};
		DC5BF6772B0E927400EA0F6D /* Home */ = {
			isa = PBXGroup;
			children = (
				DC5BF6782B0E927900EA0F6D /* Cell */,
				DCD8AAA92B0F5C9400DCC39A /* ViewModel */,
				DCD8AAA42B0F543F00DCC39A /* DataProvider */,
				DCE603002B0E7D0B001663B1 /* HomeViewController.swift */,
				DCE603012B0E7D0B001663B1 /* HomeViewController.xib */,
			);
			path = Home;
			sourceTree = "<group>";
		};
		DC5BF6782B0E927900EA0F6D /* Cell */ = {
			isa = PBXGroup;
			children = (
				DCD8AAA32B0F526C00DCC39A /* HomeSliderCell */,
				DCD968EE2B1535E100A5D400 /* CategoryCell */,
				DCE7AA5C2B1632EF006099BD /* FoodCell */,
			);
			path = Cell;
			sourceTree = "<group>";
		};
		DC5BF67D2B0E97C600EA0F6D /* TypeAlias */ = {
			isa = PBXGroup;
			children = (
				DCE6030A2B0E7D9A001663B1 /* TypeAlias.swift */,
			);
			path = TypeAlias;
			sourceTree = "<group>";
		};
		DC5BF6822B0E97E900EA0F6D /* Category */ = {
			isa = PBXGroup;
			children = (
				DC5BF6872B0E980B00EA0F6D /* Cell */,
				DC5BF67E2B0E97E600EA0F6D /* CategoryViewController.swift */,
				DC5BF67F2B0E97E600EA0F6D /* CategoryViewController.xib */,
			);
			path = Category;
			sourceTree = "<group>";
		};
		DC5BF6872B0E980B00EA0F6D /* Cell */ = {
			isa = PBXGroup;
			children = (
				DC5BF6832B0E980500EA0F6D /* CategoryTableItemCell.swift */,
				DC5BF6842B0E980500EA0F6D /* CategoryTableItemCell.xib */,
			);
			name = Cell;
			path = "Cellü";
			sourceTree = "<group>";
		};
		DC777E202B1DE95E002C474D /* Cell */ = {
			isa = PBXGroup;
			children = (
				DC777E212B1DE96E002C474D /* ProfileTableItemCell.swift */,
				DC777E222B1DE96E002C474D /* ProfileTableItemCell.xib */,
			);
			path = Cell;
			sourceTree = "<group>";
		};
		DC777E272B1DEDB1002C474D /* ViewModel */ = {
			isa = PBXGroup;
			children = (
				DC777E282B1DEDC5002C474D /* ProfileViewModelProtocol.swift */,
				DC777E2A2B1DEF7C002C474D /* ProfileViewModel.swift */,
			);
			path = ViewModel;
			sourceTree = "<group>";
		};
		DC777E2C2B1DF910002C474D /* MyFavorites */ = {
			isa = PBXGroup;
			children = (
				DCFA2E672B22ECC50091EFF0 /* Cell */,
				DCFA2E622B22EC310091EFF0 /* ViewModel */,
				DCFA2E632B22EC970091EFF0 /* MyFavoritesViewController.swift */,
				DCFA2E642B22EC970091EFF0 /* MyFavoritesViewController.xib */,
			);
			path = MyFavorites;
			sourceTree = "<group>";
		};
		DC777E312B1E021B002C474D /* Settings */ = {
			isa = PBXGroup;
			children = (
				DC777E3B2B1E0461002C474D /* ViewModel */,
				DC777E362B1E02B0002C474D /* Cell */,
				DC777E322B1E022A002C474D /* SettingsViewController.swift */,
				DC777E332B1E022A002C474D /* SettingsViewController.xib */,
			);
			path = Settings;
			sourceTree = "<group>";
		};
		DC777E362B1E02B0002C474D /* Cell */ = {
			isa = PBXGroup;
			children = (
				DC777E372B1E02ED002C474D /* SettingsDarkModeItemCell.swift */,
				DC777E382B1E02ED002C474D /* SettingsDarkModeItemCell.xib */,
			);
			path = Cell;
			sourceTree = "<group>";
		};
		DC777E3B2B1E0461002C474D /* ViewModel */ = {
			isa = PBXGroup;
			children = (
				DC777E3C2B1E046E002C474D /* SettingsViewModelProtocol.swift */,
				DC777E402B1E0A93002C474D /* SettingsViewModel.swift */,
			);
			path = ViewModel;
			sourceTree = "<group>";
		};
		DCA353112B24CB3600184D0B /* QuantityCell */ = {
			isa = PBXGroup;
			children = (
				DCA353122B24CC2300184D0B /* QuantityTableItemCell.swift */,
				DCA353132B24CC2300184D0B /* QuantityTableItemCell.xib */,
			);
			path = QuantityCell;
			sourceTree = "<group>";
		};
		DCA3531A2B25E36900184D0B /* AddtoCartCell */ = {
			isa = PBXGroup;
			children = (
				DCA353162B25B95600184D0B /* AddtoCartTableItemCell.swift */,
				DCA353172B25B95600184D0B /* AddtoCartTableItemCell.xib */,
			);
			path = AddtoCartCell;
			sourceTree = "<group>";
		};
		DCB820DB2B115C0C00C99944 /* Cell */ = {
			isa = PBXGroup;
			children = (
				DCFA2E742B24932A0091EFF0 /* ImageCell */,
				DCFA2E792B2496C10091EFF0 /* TitleCell */,
				DCFA2E7F2B24976F0091EFF0 /* PriceCell */,
				DCA353112B24CB3600184D0B /* QuantityCell */,
				DCA3531A2B25E36900184D0B /* AddtoCartCell */,
			);
			path = Cell;
			sourceTree = "<group>";
		};
		DCB820DC2B115C1200C99944 /* ViewModel */ = {
			isa = PBXGroup;
			children = (
				DC31C3852B1A1317001B86F7 /* DetailViewModel.swift */,
				DC31C3892B1A132C001B86F7 /* DetailViewModelProtocol.swift */,
			);
			path = ViewModel;
			sourceTree = "<group>";
		};
		DCC51B8F2B10A9810059DACF /* Cart */ = {
			isa = PBXGroup;
			children = (
				DCC669572B122D9200BE1233 /* Cell */,
				DCC6694E2B12203300BE1233 /* DataProvider */,
				DCC6694D2B12202C00BE1233 /* ViewModel */,
				DCC51B892B0FCECB0059DACF /* CartViewController.swift */,
				DCC51B8A2B0FCECB0059DACF /* CartViewController.xib */,
			);
			path = Cart;
			sourceTree = "<group>";
		};
		DCC51B992B10CD4E0059DACF /* Detail */ = {
			isa = PBXGroup;
			children = (
				DCB820DB2B115C0C00C99944 /* Cell */,
				DCB820DC2B115C1200C99944 /* ViewModel */,
				DCC51B942B10CD0C0059DACF /* DetailViewController.swift */,
				DCC51B952B10CD0C0059DACF /* DetailViewController.xib */,
			);
			path = Detail;
			sourceTree = "<group>";
		};
		DCC6694D2B12202C00BE1233 /* ViewModel */ = {
			isa = PBXGroup;
			children = (
				DC72BCAF2B1485870017D671 /* CartViewModelProtocol.swift */,
				DC72BCB12B1485D40017D671 /* CartViewModel.swift */,
			);
			path = ViewModel;
			sourceTree = "<group>";
		};
		DCC6694E2B12203300BE1233 /* DataProvider */ = {
			isa = PBXGroup;
			children = (
				DCC6694F2B12204B00BE1233 /* CartDataProviderProtocol.swift */,
				DCC669512B12205800BE1233 /* CartDataProvider.swift */,
			);
			path = DataProvider;
			sourceTree = "<group>";
		};
		DCC669562B12252200BE1233 /* CoreDataModel */ = {
			isa = PBXGroup;
			children = (
				DCC669532B12215300BE1233 /* Model.xcdatamodeld */,
			);
			path = CoreDataModel;
			sourceTree = "<group>";
		};
		DCC669572B122D9200BE1233 /* Cell */ = {
			isa = PBXGroup;
			children = (
				DC022B7B2B1C88B9001608DF /* ItemCell */,
				DC022B7A2B1C88AC001608DF /* PlaceOrderCell */,
			);
			path = Cell;
			sourceTree = "<group>";
		};
		DCCD73902B10F34300D81F9F /* Onboarding */ = {
			isa = PBXGroup;
			children = (
				DCEFB1452B262F0B00366C79 /* View */,
				DCCD73932B1137F900D81F9F /* Cell */,
				DC18C4972B177D4A0054DFC0 /* ViewModel */,
			);
			path = Onboarding;
			sourceTree = "<group>";
		};
		DCCD73932B1137F900D81F9F /* Cell */ = {
			isa = PBXGroup;
			children = (
				DCCD73942B11380E00D81F9F /* OnboardingCell.swift */,
				DCCD73952B11380E00D81F9F /* OnboardingCell.xib */,
			);
			path = Cell;
			sourceTree = "<group>";
		};
		DCD8AAA32B0F526C00DCC39A /* HomeSliderCell */ = {
			isa = PBXGroup;
			children = (
				DCD8AAB12B0F75CD00DCC39A /* SliderItem */,
				DCD8AAAF2B0F759C00DCC39A /* Slider */,
			);
			path = HomeSliderCell;
			sourceTree = "<group>";
		};
		DCD8AAA42B0F543F00DCC39A /* DataProvider */ = {
			isa = PBXGroup;
			children = (
				DCD8AAA52B0F544900DCC39A /* HomeDataProvider.swift */,
				DCD8AAA72B0F546D00DCC39A /* HomeDataProviderProtocol.swift */,
			);
			path = DataProvider;
			sourceTree = "<group>";
		};
		DCD8AAA92B0F5C9400DCC39A /* ViewModel */ = {
			isa = PBXGroup;
			children = (
				DCD8AAAA2B0F5CB500DCC39A /* HomeViewModel.swift */,
				DCD8AAAC2B0F5CCA00DCC39A /* HomeViewModelProtocol.swift */,
			);
			path = ViewModel;
			sourceTree = "<group>";
		};
		DCD8AAAF2B0F759C00DCC39A /* Slider */ = {
			isa = PBXGroup;
			children = (
				DC5BF6792B0E92BF00EA0F6D /* HomeTableItemSliderCell.swift */,
				DC5BF67A2B0E92BF00EA0F6D /* HomeTableItemSliderCell.xib */,
			);
			path = Slider;
			sourceTree = "<group>";
		};
		DCD8AAB12B0F75CD00DCC39A /* SliderItem */ = {
			isa = PBXGroup;
			children = (
				DCD8AAB22B0F75EA00DCC39A /* SliderCollectionViewItemCell.swift */,
				DCD8AAB32B0F75EA00DCC39A /* SliderCollectionViewItemCell.xib */,
			);
			path = SliderItem;
			sourceTree = "<group>";
		};
		DCD8AABC2B0F8F2100DCC39A /* Foods */ = {
			isa = PBXGroup;
			children = (
				DCD8AAC72B0F911500DCC39A /* DataProvider */,
				DCD8AAC62B0F910F00DCC39A /* ViewModel */,
				DCD8AAC22B0F903A00DCC39A /* FoodsViewController.swift */,
				DCD8AAC32B0F903A00DCC39A /* FoodsViewController.xib */,
			);
			path = Foods;
			sourceTree = "<group>";
		};
		DCD8AAC62B0F910F00DCC39A /* ViewModel */ = {
			isa = PBXGroup;
			children = (
				DCD8AACC2B0F929C00DCC39A /* FoodsViewModel.swift */,
				DCD8AACE2B0F92AB00DCC39A /* FoodsViewModelProtocol.swift */,
			);
			path = ViewModel;
			sourceTree = "<group>";
		};
		DCD8AAC72B0F911500DCC39A /* DataProvider */ = {
			isa = PBXGroup;
			children = (
				DCD8AAC82B0F911E00DCC39A /* FoodsDataProvider.swift */,
				DCD8AACA2B0F912F00DCC39A /* FoodsDataProviderProtocol.swift */,
			);
			path = DataProvider;
			sourceTree = "<group>";
		};
		DCD8AAD02B0F973400DCC39A /* FoodItemCell */ = {
			isa = PBXGroup;
			children = (
				DCD8AAD12B0F974F00DCC39A /* FoodItemCell.swift */,
				DCD8AAD22B0F974F00DCC39A /* FoodItemCell.xib */,
			);
			path = FoodItemCell;
			sourceTree = "<group>";
		};
		DCD8AADD2B0F9B7C00DCC39A /* Order */ = {
			isa = PBXGroup;
			children = (
				DC72BCA62B134AC40017D671 /* Cell */,
				DC72BCAA2B1387160017D671 /* OrderViewController.swift */,
				DC72BCA92B1387160017D671 /* OrderViewController.xib */,
			);
			path = Order;
			sourceTree = "<group>";
		};
		DCD8AAE32B0F9B9300DCC39A /* Chat */ = {
			isa = PBXGroup;
			children = (
				DCD8AADE2B0F9B8900DCC39A /* ChatViewController.swift */,
				DCD8AADF2B0F9B8900DCC39A /* ChatViewController.xib */,
			);
			path = Chat;
			sourceTree = "<group>";
		};
		DCD8AAE82B0F9BE700DCC39A /* Profile */ = {
			isa = PBXGroup;
			children = (
				DC777E202B1DE95E002C474D /* Cell */,
				DC777E272B1DEDB1002C474D /* ViewModel */,
				DCD8AAE42B0F9BE400DCC39A /* ProfileViewController.swift */,
				DCD8AAE52B0F9BE400DCC39A /* ProfileViewController.xib */,
			);
			path = Profile;
			sourceTree = "<group>";
		};
		DCD968EE2B1535E100A5D400 /* CategoryCell */ = {
			isa = PBXGroup;
			children = (
				DCE7AA522B1622C7006099BD /* CategoryItem */,
				DCE7AA4C2B15D796006099BD /* HomeCategoryCell.swift */,
				DCE7AA4D2B15D796006099BD /* HomeCategoryCell.xib */,
			);
			path = CategoryCell;
			sourceTree = "<group>";
		};
		DCE602CA2B0E7BB6001663B1 = {
			isa = PBXGroup;
			children = (
				DCE602D52B0E7BB6001663B1 /* Food Delivery App */,
				DCE602D42B0E7BB6001663B1 /* Products */,
				F7D7C705FBDEE93E46B37CB2 /* Pods */,
				2E2399B0719D0C8B7709A5EB /* Frameworks */,
			);
			sourceTree = "<group>";
		};
		DCE602D42B0E7BB6001663B1 /* Products */ = {
			isa = PBXGroup;
			children = (
				DCE602D32B0E7BB6001663B1 /* Food Delivery App.app */,
			);
			name = Products;
			sourceTree = "<group>";
		};
		DCE602D52B0E7BB6001663B1 /* Food Delivery App */ = {
			isa = PBXGroup;
			children = (
				DCE602EA2B0E7BC8001663B1 /* Delegates */,
				DCE602F42B0E7C7C001663B1 /* Constants */,
				DCE602F12B0E7C56001663B1 /* Service */,
				DCE603052B0E7D33001663B1 /* Extensions */,
				DCE603042B0E7D0E001663B1 /* Modules */,
				DC5BF6762B0E905500EA0F6D /* Models */,
				DCE602EB2B0E7BEB001663B1 /* Resources */,
				DCE602EC2B0E7BF1001663B1 /* Storyboards */,
				DCE602ED2B0E7BF7001663B1 /* Supports */,
			);
			path = "Food Delivery App";
			sourceTree = "<group>";
		};
		DCE602EA2B0E7BC8001663B1 /* Delegates */ = {
			isa = PBXGroup;
			children = (
				DCE602D62B0E7BB6001663B1 /* AppDelegate.swift */,
				DCE602D82B0E7BB6001663B1 /* SceneDelegate.swift */,
			);
			path = Delegates;
			sourceTree = "<group>";
		};
		DCE602EB2B0E7BEB001663B1 /* Resources */ = {
			isa = PBXGroup;
			children = (
				DCFA2E572B211BC80091EFF0 /* Animations */,
				DCE602F52B0E7CEA001663B1 /* Fonts */,
				DCE6030C2B0E7E0E001663B1 /* Icons.xcassets */,
				DCE602DF2B0E7BB8001663B1 /* Assets.xcassets */,
				DC5BF68A2B0E9DA800EA0F6D /* Colors.xcassets */,
			);
			path = Resources;
			sourceTree = "<group>";
		};
		DCE602EC2B0E7BF1001663B1 /* Storyboards */ = {
			isa = PBXGroup;
			children = (
				DCE602E12B0E7BB8001663B1 /* LaunchScreen.storyboard */,
			);
			path = Storyboards;
			sourceTree = "<group>";
		};
		DCE602ED2B0E7BF7001663B1 /* Supports */ = {
			isa = PBXGroup;
			children = (
				DCE602E42B0E7BB8001663B1 /* Info.plist */,
			);
			path = Supports;
			sourceTree = "<group>";
		};
		DCE602F12B0E7C56001663B1 /* Service */ = {
			isa = PBXGroup;
			children = (
				DCE602EE2B0E7C34001663B1 /* ServiceManager.swift */,
			);
			path = Service;
			sourceTree = "<group>";
		};
		DCE602F42B0E7C7C001663B1 /* Constants */ = {
			isa = PBXGroup;
			children = (
				DCE602F22B0E7C61001663B1 /* Constants.swift */,
			);
			path = Constants;
			sourceTree = "<group>";
		};
		DCE602F52B0E7CEA001663B1 /* Fonts */ = {
			isa = PBXGroup;
			children = (
				DCE602FA2B0E7CFB001663B1 /* Inter-Bold.ttf */,
				DCE602F92B0E7CFB001663B1 /* Inter-ExtraBold.ttf */,
				DCE602F72B0E7CFB001663B1 /* Inter-Medium.ttf */,
				DCE602F82B0E7CFB001663B1 /* Inter-Regular.ttf */,
				DCE602F62B0E7CFB001663B1 /* Inter-SemiBold.ttf */,
			);
			path = Fonts;
			sourceTree = "<group>";
		};
		DCE603042B0E7D0E001663B1 /* Modules */ = {
			isa = PBXGroup;
			children = (
				DC777E312B1E021B002C474D /* Settings */,
				DC777E2C2B1DF910002C474D /* MyFavorites */,
				DCCD73902B10F34300D81F9F /* Onboarding */,
				DC5BF6772B0E927400EA0F6D /* Home */,
				DCC51B992B10CD4E0059DACF /* Detail */,
				DCC51B8F2B10A9810059DACF /* Cart */,
				DC5BF6822B0E97E900EA0F6D /* Category */,
				DCD8AABC2B0F8F2100DCC39A /* Foods */,
				DCD8AADD2B0F9B7C00DCC39A /* Order */,
				DCD8AAE32B0F9B9300DCC39A /* Chat */,
				DCD8AAE82B0F9BE700DCC39A /* Profile */,
				DCC51B832B0FC4EC0059DACF /* MainTabController.swift */,
			);
			path = Modules;
			sourceTree = "<group>";
		};
		DCE603052B0E7D33001663B1 /* Extensions */ = {
			isa = PBXGroup;
			children = (
				DC5BF67D2B0E97C600EA0F6D /* TypeAlias */,
				DCE603062B0E7D70001663B1 /* UIColor+Extension.swift */,
				DCE603082B0E7D88001663B1 /* UIFont+Extension.swift */,
				DCE6030E2B0E80F1001663B1 /* Gradient.swift */,
				DCD8AAB62B0F884800DCC39A /* GradientViews.swift */,
				DCC6694B2B121E8D00BE1233 /* UIViewController+Extension.swift */,
				DC34D36B2B1F5D6100E3ABF3 /* TableView+Extension.swift */,
				DC34D36D2B1F5D9600E3ABF3 /* CollectionView+Extension.swift */,
			);
			path = Extensions;
			sourceTree = "<group>";
		};
		DCE7AA522B1622C7006099BD /* CategoryItem */ = {
			isa = PBXGroup;
			children = (
				DCE7AA532B162325006099BD /* HomeCategoryItemCell.swift */,
				DCE7AA542B162325006099BD /* HomeCategoryItemCell.xib */,
			);
			path = CategoryItem;
			sourceTree = "<group>";
		};
		DCE7AA5C2B1632EF006099BD /* FoodCell */ = {
			isa = PBXGroup;
			children = (
				DCD8AAD02B0F973400DCC39A /* FoodItemCell */,
				DCE7AA5D2B16330F006099BD /* FoodTableViewCell.swift */,
				DCE7AA5E2B16330F006099BD /* FoodTableViewCell.xib */,
			);
			path = FoodCell;
			sourceTree = "<group>";
		};
		DCEFB1452B262F0B00366C79 /* View */ = {
			isa = PBXGroup;
			children = (
				DCEFB14B2B262F9C00366C79 /* OnboardingViewController.swift */,
				DCEFB14A2B262F9C00366C79 /* OnboardingViewController.xib */,
			);
			path = View;
			sourceTree = "<group>";
		};
		DCFA2E572B211BC80091EFF0 /* Animations */ = {
			isa = PBXGroup;
			children = (
				DCFA2E5C2B211BD80091EFF0 /* fail.json */,
				DCFA2E582B211BD70091EFF0 /* loading.json */,
				DCFA2E5B2B211BD80091EFF0 /* noConnection.json */,
				DCFA2E592B211BD70091EFF0 /* notFound.json */,
				DCFA2E5A2B211BD80091EFF0 /* success.json */,
			);
			path = Animations;
			sourceTree = "<group>";
		};
		DCFA2E622B22EC310091EFF0 /* ViewModel */ = {
			isa = PBXGroup;
			children = (
				DCFA2E6C2B22F80B0091EFF0 /* MyFavoritesViewModelProtocol.swift */,
				DCFA2E6E2B22F9040091EFF0 /* MyFavoritesViewModel.swift */,
			);
			path = ViewModel;
			sourceTree = "<group>";
		};
		DCFA2E672B22ECC50091EFF0 /* Cell */ = {
			isa = PBXGroup;
			children = (
				DCFA2E682B22F1E00091EFF0 /* FavoriteItemTableCell.swift */,
				DCFA2E692B22F1E00091EFF0 /* FavoriteItemTableCell.xib */,
			);
			path = Cell;
			sourceTree = "<group>";
		};
		DCFA2E742B24932A0091EFF0 /* ImageCell */ = {
			isa = PBXGroup;
			children = (
				DC31C3812B1A0FD3001B86F7 /* DetailItemImageViewCell.swift */,
				DC31C3822B1A0FD3001B86F7 /* DetailItemImageViewCell.xib */,
			);
			path = ImageCell;
			sourceTree = "<group>";
		};
		DCFA2E792B2496C10091EFF0 /* TitleCell */ = {
			isa = PBXGroup;
			children = (
				DCFA2E752B2493420091EFF0 /* DetailTitleItemCell.swift */,
				DCFA2E762B2493420091EFF0 /* DetailTitleItemCell.xib */,
			);
			path = TitleCell;
			sourceTree = "<group>";
		};
		DCFA2E7F2B24976F0091EFF0 /* PriceCell */ = {
			isa = PBXGroup;
			children = (
				DCFA2E7A2B2497650091EFF0 /* PriceTableItemCell.swift */,
				DCFA2E7B2B2497650091EFF0 /* PriceTableItemCell.xib */,
			);
			path = PriceCell;
			sourceTree = "<group>";
		};
		F7D7C705FBDEE93E46B37CB2 /* Pods */ = {
			isa = PBXGroup;
			children = (
				65824CF5DDBAFF4CDF81CE62 /* Pods-Food Delivery App.debug.xcconfig */,
				A9C5316FCC8A1EEDD3BA55A8 /* Pods-Food Delivery App.release.xcconfig */,
			);
			path = Pods;
			sourceTree = "<group>";
		};
/* End PBXGroup section */

/* Begin PBXNativeTarget section */
		DCE602D22B0E7BB6001663B1 /* Food Delivery App */ = {
			isa = PBXNativeTarget;
			buildConfigurationList = DCE602E72B0E7BB8001663B1 /* Build configuration list for PBXNativeTarget "Food Delivery App" */;
			buildPhases = (
				C293F7D2FC5B39BB19017033 /* [CP] Check Pods Manifest.lock */,
				DCE602CF2B0E7BB6001663B1 /* Sources */,
				DCE602D02B0E7BB6001663B1 /* Frameworks */,
				DCE602D12B0E7BB6001663B1 /* Resources */,
				A4F2896BD70437D85BEBF77E /* [CP] Embed Pods Frameworks */,
			);
			buildRules = (
			);
			dependencies = (
			);
			name = "Food Delivery App";
			productName = "Food Delivery App";
			productReference = DCE602D32B0E7BB6001663B1 /* Food Delivery App.app */;
			productType = "com.apple.product-type.application";
		};
/* End PBXNativeTarget section */

/* Begin PBXProject section */
		DCE602CB2B0E7BB6001663B1 /* Project object */ = {
			isa = PBXProject;
			attributes = {
				BuildIndependentTargetsInParallel = 1;
				LastSwiftUpdateCheck = 1500;
				LastUpgradeCheck = 1500;
				TargetAttributes = {
					DCE602D22B0E7BB6001663B1 = {
						CreatedOnToolsVersion = 15.0.1;
					};
				};
			};
			buildConfigurationList = DCE602CE2B0E7BB6001663B1 /* Build configuration list for PBXProject "Food Delivery App" */;
			compatibilityVersion = "Xcode 14.0";
			developmentRegion = en;
			hasScannedForEncodings = 0;
			knownRegions = (
				en,
				Base,
			);
			mainGroup = DCE602CA2B0E7BB6001663B1;
			productRefGroup = DCE602D42B0E7BB6001663B1 /* Products */;
			projectDirPath = "";
			projectRoot = "";
			targets = (
				DCE602D22B0E7BB6001663B1 /* Food Delivery App */,
			);
		};
/* End PBXProject section */

/* Begin PBXResourcesBuildPhase section */
		DCE602D12B0E7BB6001663B1 /* Resources */ = {
			isa = PBXResourcesBuildPhase;
			buildActionMask = 2147483647;
			files = (
				DCE602FC2B0E7CFB001663B1 /* Inter-Medium.ttf in Resources */,
				DCE6030D2B0E7E0E001663B1 /* Icons.xcassets in Resources */,
				DCFA2E5E2B211BD80091EFF0 /* notFound.json in Resources */,
				DCEFB14C2B262F9C00366C79 /* OnboardingViewController.xib in Resources */,
				DCCD73972B11380E00D81F9F /* OnboardingCell.xib in Resources */,
				DCFA2E602B211BD80091EFF0 /* noConnection.json in Resources */,
				DCFA2E612B211BD80091EFF0 /* fail.json in Resources */,
				DCFA2E6B2B22F1E00091EFF0 /* FavoriteItemTableCell.xib in Resources */,
				DCFA2E5D2B211BD80091EFF0 /* loading.json in Resources */,
				DCFA2E7D2B2497650091EFF0 /* PriceTableItemCell.xib in Resources */,
				DCD8AAE12B0F9B8900DCC39A /* ChatViewController.xib in Resources */,
				DCE7AA602B16330F006099BD /* FoodTableViewCell.xib in Resources */,
				DC5BF68B2B0E9DA800EA0F6D /* Colors.xcassets in Resources */,
				DCC6695B2B122DAE00BE1233 /* CartItemTableCell.xib in Resources */,
				DCE602FD2B0E7CFB001663B1 /* Inter-Regular.ttf in Resources */,
				DCA8381A2B260F3C00811A8C /* DetailViewController.xib in Resources */,
				DC72BCAB2B1387160017D671 /* OrderViewController.xib in Resources */,
				DCA353192B25B95600184D0B /* AddtoCartTableItemCell.xib in Resources */,
				DC31C3842B1A0FD3001B86F7 /* DetailItemImageViewCell.xib in Resources */,
				DCE602FB2B0E7CFB001663B1 /* Inter-SemiBold.ttf in Resources */,
				DC777E352B1E022A002C474D /* SettingsViewController.xib in Resources */,
				DCE602FF2B0E7CFB001663B1 /* Inter-Bold.ttf in Resources */,
				DCA353152B24CC2300184D0B /* QuantityTableItemCell.xib in Resources */,
				DCC51B8C2B0FCECB0059DACF /* CartViewController.xib in Resources */,
				DCFA2E662B22EC970091EFF0 /* MyFavoritesViewController.xib in Resources */,
				DCE7AA562B162325006099BD /* HomeCategoryItemCell.xib in Resources */,
				DCD8AAB52B0F75EA00DCC39A /* SliderCollectionViewItemCell.xib in Resources */,
				DC72BCA72B134AC40017D671 /* Cell in Resources */,
				DCE602E32B0E7BB8001663B1 /* LaunchScreen.storyboard in Resources */,
				DCD8AAD42B0F974F00DCC39A /* FoodItemCell.xib in Resources */,
				DCE7AA4F2B15D796006099BD /* HomeCategoryCell.xib in Resources */,
				DCD8AAC52B0F903A00DCC39A /* FoodsViewController.xib in Resources */,
				DCE602E02B0E7BB8001663B1 /* Assets.xcassets in Resources */,
				DCFA2E5F2B211BD80091EFF0 /* success.json in Resources */,
				DC5BF6862B0E980500EA0F6D /* CategoryTableItemCell.xib in Resources */,
				DC5BF6812B0E97E600EA0F6D /* CategoryViewController.xib in Resources */,
				DCE602FE2B0E7CFB001663B1 /* Inter-ExtraBold.ttf in Resources */,
				DCE603032B0E7D0B001663B1 /* HomeViewController.xib in Resources */,
				DC777E242B1DE96E002C474D /* ProfileTableItemCell.xib in Resources */,
				DC777E3A2B1E02ED002C474D /* SettingsDarkModeItemCell.xib in Resources */,
				DC5BF67C2B0E92BF00EA0F6D /* HomeTableItemSliderCell.xib in Resources */,
				DCD8AAE72B0F9BE400DCC39A /* ProfileViewController.xib in Resources */,
				DCFA2E782B2493420091EFF0 /* DetailTitleItemCell.xib in Resources */,
				DC022B7F2B1C8A82001608DF /* PlaceOrderItemCell.xib in Resources */,
			);
			runOnlyForDeploymentPostprocessing = 0;
		};
/* End PBXResourcesBuildPhase section */

/* Begin PBXShellScriptBuildPhase section */
		A4F2896BD70437D85BEBF77E /* [CP] Embed Pods Frameworks */ = {
			isa = PBXShellScriptBuildPhase;
			buildActionMask = 2147483647;
			files = (
			);
			inputFileListPaths = (
				"${PODS_ROOT}/Target Support Files/Pods-Food Delivery App/Pods-Food Delivery App-frameworks-${CONFIGURATION}-input-files.xcfilelist",
			);
			name = "[CP] Embed Pods Frameworks";
			outputFileListPaths = (
				"${PODS_ROOT}/Target Support Files/Pods-Food Delivery App/Pods-Food Delivery App-frameworks-${CONFIGURATION}-output-files.xcfilelist",
			);
			runOnlyForDeploymentPostprocessing = 0;
			shellPath = /bin/sh;
			shellScript = "\"${PODS_ROOT}/Target Support Files/Pods-Food Delivery App/Pods-Food Delivery App-frameworks.sh\"\n";
			showEnvVarsInLog = 0;
		};
		C293F7D2FC5B39BB19017033 /* [CP] Check Pods Manifest.lock */ = {
			isa = PBXShellScriptBuildPhase;
			buildActionMask = 2147483647;
			files = (
			);
			inputFileListPaths = (
			);
			inputPaths = (
				"${PODS_PODFILE_DIR_PATH}/Podfile.lock",
				"${PODS_ROOT}/Manifest.lock",
			);
			name = "[CP] Check Pods Manifest.lock";
			outputFileListPaths = (
			);
			outputPaths = (
				"$(DERIVED_FILE_DIR)/Pods-Food Delivery App-checkManifestLockResult.txt",
			);
			runOnlyForDeploymentPostprocessing = 0;
			shellPath = /bin/sh;
			shellScript = "diff \"${PODS_PODFILE_DIR_PATH}/Podfile.lock\" \"${PODS_ROOT}/Manifest.lock\" > /dev/null\nif [ $? != 0 ] ; then\n    # print error to STDERR\n    echo \"error: The sandbox is not in sync with the Podfile.lock. Run 'pod install' or update your CocoaPods installation.\" >&2\n    exit 1\nfi\n# This output is used by Xcode 'outputs' to avoid re-running this script phase.\necho \"SUCCESS\" > \"${SCRIPT_OUTPUT_FILE_0}\"\n";
			showEnvVarsInLog = 0;
		};
/* End PBXShellScriptBuildPhase section */

/* Begin PBXSourcesBuildPhase section */
		DCE602CF2B0E7BB6001663B1 /* Sources */ = {
			isa = PBXSourcesBuildPhase;
			buildActionMask = 2147483647;
			files = (
				DCC6694C2B121E8D00BE1233 /* UIViewController+Extension.swift in Sources */,
				DCD8AACB2B0F912F00DCC39A /* FoodsDataProviderProtocol.swift in Sources */,
				DC777E292B1DEDC5002C474D /* ProfileViewModelProtocol.swift in Sources */,
				DC18C49D2B177DE70054DFC0 /* OnboardingViewModelProtocol.swift in Sources */,
				DCCD73962B11380E00D81F9F /* OnboardingCell.swift in Sources */,
				DCE603092B0E7D88001663B1 /* UIFont+Extension.swift in Sources */,
				DC777E232B1DE96E002C474D /* ProfileTableItemCell.swift in Sources */,
				DCD8AAC92B0F911E00DCC39A /* FoodsDataProvider.swift in Sources */,
				DC31C3832B1A0FD3001B86F7 /* DetailItemImageViewCell.swift in Sources */,
				DCE7AA4E2B15D796006099BD /* HomeCategoryCell.swift in Sources */,
				DCE603022B0E7D0B001663B1 /* HomeViewController.swift in Sources */,
				DCC51B8E2B0FD3B50059DACF /* Slider.swift in Sources */,
				DC72BCAC2B1387160017D671 /* OrderViewController.swift in Sources */,
				DCD8AACD2B0F929C00DCC39A /* FoodsViewModel.swift in Sources */,
				DC777E2B2B1DEF7C002C474D /* ProfileViewModel.swift in Sources */,
				DCE602D72B0E7BB6001663B1 /* AppDelegate.swift in Sources */,
				DCC51B962B10CD0C0059DACF /* DetailViewController.swift in Sources */,
				DCFA2E772B2493420091EFF0 /* DetailTitleItemCell.swift in Sources */,
				DCD8AAAB2B0F5CB500DCC39A /* HomeViewModel.swift in Sources */,
				DC777E262B1DEC73002C474D /* Profile.swift in Sources */,
				DC72BCA52B12A1960017D671 /* CartResponse.swift in Sources */,
				DC34D36E2B1F5D9600E3ABF3 /* CollectionView+Extension.swift in Sources */,
				DCE7AA552B162325006099BD /* HomeCategoryItemCell.swift in Sources */,
				DCC669552B12215300BE1233 /* Model.xcdatamodeld in Sources */,
				DCFA2E6D2B22F80B0091EFF0 /* MyFavoritesViewModelProtocol.swift in Sources */,
				DCC669502B12204B00BE1233 /* CartDataProviderProtocol.swift in Sources */,
				DCD8AAD32B0F974F00DCC39A /* FoodItemCell.swift in Sources */,
				DCD8AAB42B0F75EA00DCC39A /* SliderCollectionViewItemCell.swift in Sources */,
				DC5BF67B2B0E92BF00EA0F6D /* HomeTableItemSliderCell.swift in Sources */,
				DCFA2E6F2B22F9040091EFF0 /* MyFavoritesViewModel.swift in Sources */,
				DCD8AAC42B0F903A00DCC39A /* FoodsViewController.swift in Sources */,
				DCEFB14D2B262F9C00366C79 /* OnboardingViewController.swift in Sources */,
				DC777E342B1E022A002C474D /* SettingsViewController.swift in Sources */,
				DCCD73922B11368000D81F9F /* OnboardingSlide.swift in Sources */,
				DCFA2E652B22EC970091EFF0 /* MyFavoritesViewController.swift in Sources */,
				DCC6695A2B122DAE00BE1233 /* CartItemTableCell.swift in Sources */,
				DCD8AAA82B0F546D00DCC39A /* HomeDataProviderProtocol.swift in Sources */,
				DC18C49F2B177E1C0054DFC0 /* OnboardingViewModel.swift in Sources */,
				DCE602D92B0E7BB6001663B1 /* SceneDelegate.swift in Sources */,
				DCFA2E6A2B22F1E00091EFF0 /* FavoriteItemTableCell.swift in Sources */,
				DCD8AAAD2B0F5CCA00DCC39A /* HomeViewModelProtocol.swift in Sources */,
				DC31C38A2B1A132C001B86F7 /* DetailViewModelProtocol.swift in Sources */,
				DCD8AAB72B0F884800DCC39A /* GradientViews.swift in Sources */,
				DCE603072B0E7D70001663B1 /* UIColor+Extension.swift in Sources */,
				DCE602EF2B0E7C34001663B1 /* ServiceManager.swift in Sources */,
				DCE7AA5F2B16330F006099BD /* FoodTableViewCell.swift in Sources */,
				DCC669522B12205800BE1233 /* CartDataProvider.swift in Sources */,
				DCD8AAE62B0F9BE400DCC39A /* ProfileViewController.swift in Sources */,
				DC31C3862B1A1317001B86F7 /* DetailViewModel.swift in Sources */,
				DC34D36C2B1F5D6100E3ABF3 /* TableView+Extension.swift in Sources */,
				DC31C38C2B1A40EE001B86F7 /* Singleton.swift in Sources */,
				DCD8AACF2B0F92AB00DCC39A /* FoodsViewModelProtocol.swift in Sources */,
				DC022B7E2B1C8A82001608DF /* PlaceOrderItemCell.swift in Sources */,
				DC5BF6892B0E9A3600EA0F6D /* FoodsResponse.swift in Sources */,
				DCFA2E7C2B2497650091EFF0 /* PriceTableItemCell.swift in Sources */,
				DCE6030B2B0E7D9A001663B1 /* TypeAlias.swift in Sources */,
				DCA353142B24CC2300184D0B /* QuantityTableItemCell.swift in Sources */,
				DC777E3F2B1E048C002C474D /* SettingsModel.swift in Sources */,
				DC777E392B1E02ED002C474D /* SettingsDarkModeItemCell.swift in Sources */,
				DC72BCB22B1485D40017D671 /* CartViewModel.swift in Sources */,
				DCC51B8B2B0FCECB0059DACF /* CartViewController.swift in Sources */,
				DCE602F32B0E7C61001663B1 /* Constants.swift in Sources */,
				DC5BF6802B0E97E600EA0F6D /* CategoryViewController.swift in Sources */,
				DCA353182B25B95600184D0B /* AddtoCartTableItemCell.swift in Sources */,
				DCE7AA512B161909006099BD /* Category.swift in Sources */,
				DCE6030F2B0E80F1001663B1 /* Gradient.swift in Sources */,
				DC5BF6852B0E980500EA0F6D /* CategoryTableItemCell.swift in Sources */,
				DCC51B842B0FC4EC0059DACF /* MainTabController.swift in Sources */,
				DCD8AAE02B0F9B8900DCC39A /* ChatViewController.swift in Sources */,
				DC777E3D2B1E046E002C474D /* SettingsViewModelProtocol.swift in Sources */,
				DC777E412B1E0A93002C474D /* SettingsViewModel.swift in Sources */,
				DC72BCB02B1485870017D671 /* CartViewModelProtocol.swift in Sources */,
				DC72BCAE2B1482240017D671 /* CardFoodResponse.swift in Sources */,
				DCD8AAA62B0F544900DCC39A /* HomeDataProvider.swift in Sources */,
			);
			runOnlyForDeploymentPostprocessing = 0;
		};
/* End PBXSourcesBuildPhase section */

/* Begin PBXVariantGroup section */
		DCE602E12B0E7BB8001663B1 /* LaunchScreen.storyboard */ = {
			isa = PBXVariantGroup;
			children = (
				DCE602E22B0E7BB8001663B1 /* Base */,
			);
			name = LaunchScreen.storyboard;
			sourceTree = "<group>";
		};
/* End PBXVariantGroup section */

/* Begin XCBuildConfiguration section */
		DCE602E52B0E7BB8001663B1 /* Debug */ = {
			isa = XCBuildConfiguration;
			buildSettings = {
				ALWAYS_SEARCH_USER_PATHS = NO;
				ASSETCATALOG_COMPILER_GENERATE_SWIFT_ASSET_SYMBOL_EXTENSIONS = YES;
				CLANG_ANALYZER_NONNULL = YES;
				CLANG_ANALYZER_NUMBER_OBJECT_CONVERSION = YES_AGGRESSIVE;
				CLANG_CXX_LANGUAGE_STANDARD = "gnu++20";
				CLANG_ENABLE_MODULES = YES;
				CLANG_ENABLE_OBJC_ARC = YES;
				CLANG_ENABLE_OBJC_WEAK = YES;
				CLANG_WARN_BLOCK_CAPTURE_AUTORELEASING = YES;
				CLANG_WARN_BOOL_CONVERSION = YES;
				CLANG_WARN_COMMA = YES;
				CLANG_WARN_CONSTANT_CONVERSION = YES;
				CLANG_WARN_DEPRECATED_OBJC_IMPLEMENTATIONS = YES;
				CLANG_WARN_DIRECT_OBJC_ISA_USAGE = YES_ERROR;
				CLANG_WARN_DOCUMENTATION_COMMENTS = YES;
				CLANG_WARN_EMPTY_BODY = YES;
				CLANG_WARN_ENUM_CONVERSION = YES;
				CLANG_WARN_INFINITE_RECURSION = YES;
				CLANG_WARN_INT_CONVERSION = YES;
				CLANG_WARN_NON_LITERAL_NULL_CONVERSION = YES;
				CLANG_WARN_OBJC_IMPLICIT_RETAIN_SELF = YES;
				CLANG_WARN_OBJC_LITERAL_CONVERSION = YES;
				CLANG_WARN_OBJC_ROOT_CLASS = YES_ERROR;
				CLANG_WARN_QUOTED_INCLUDE_IN_FRAMEWORK_HEADER = YES;
				CLANG_WARN_RANGE_LOOP_ANALYSIS = YES;
				CLANG_WARN_STRICT_PROTOTYPES = YES;
				CLANG_WARN_SUSPICIOUS_MOVE = YES;
				CLANG_WARN_UNGUARDED_AVAILABILITY = YES_AGGRESSIVE;
				CLANG_WARN_UNREACHABLE_CODE = YES;
				CLANG_WARN__DUPLICATE_METHOD_MATCH = YES;
				COPY_PHASE_STRIP = NO;
				DEBUG_INFORMATION_FORMAT = dwarf;
				ENABLE_STRICT_OBJC_MSGSEND = YES;
				ENABLE_TESTABILITY = YES;
				ENABLE_USER_SCRIPT_SANDBOXING = NO;
				GCC_C_LANGUAGE_STANDARD = gnu17;
				GCC_DYNAMIC_NO_PIC = NO;
				GCC_NO_COMMON_BLOCKS = YES;
				GCC_OPTIMIZATION_LEVEL = 0;
				GCC_PREPROCESSOR_DEFINITIONS = (
					"DEBUG=1",
					"$(inherited)",
				);
				GCC_WARN_64_TO_32_BIT_CONVERSION = YES;
				GCC_WARN_ABOUT_RETURN_TYPE = YES_ERROR;
				GCC_WARN_UNDECLARED_SELECTOR = YES;
				GCC_WARN_UNINITIALIZED_AUTOS = YES_AGGRESSIVE;
				GCC_WARN_UNUSED_FUNCTION = YES;
				GCC_WARN_UNUSED_VARIABLE = YES;
				IPHONEOS_DEPLOYMENT_TARGET = 15.0;
				LOCALIZATION_PREFERS_STRING_CATALOGS = YES;
				MTL_ENABLE_DEBUG_INFO = INCLUDE_SOURCE;
				MTL_FAST_MATH = YES;
				ONLY_ACTIVE_ARCH = YES;
				SDKROOT = iphoneos;
				SWIFT_ACTIVE_COMPILATION_CONDITIONS = "DEBUG $(inherited)";
				SWIFT_OPTIMIZATION_LEVEL = "-Onone";
			};
			name = Debug;
		};
		DCE602E62B0E7BB8001663B1 /* Release */ = {
			isa = XCBuildConfiguration;
			buildSettings = {
				ALWAYS_SEARCH_USER_PATHS = NO;
				ASSETCATALOG_COMPILER_GENERATE_SWIFT_ASSET_SYMBOL_EXTENSIONS = YES;
				CLANG_ANALYZER_NONNULL = YES;
				CLANG_ANALYZER_NUMBER_OBJECT_CONVERSION = YES_AGGRESSIVE;
				CLANG_CXX_LANGUAGE_STANDARD = "gnu++20";
				CLANG_ENABLE_MODULES = YES;
				CLANG_ENABLE_OBJC_ARC = YES;
				CLANG_ENABLE_OBJC_WEAK = YES;
				CLANG_WARN_BLOCK_CAPTURE_AUTORELEASING = YES;
				CLANG_WARN_BOOL_CONVERSION = YES;
				CLANG_WARN_COMMA = YES;
				CLANG_WARN_CONSTANT_CONVERSION = YES;
				CLANG_WARN_DEPRECATED_OBJC_IMPLEMENTATIONS = YES;
				CLANG_WARN_DIRECT_OBJC_ISA_USAGE = YES_ERROR;
				CLANG_WARN_DOCUMENTATION_COMMENTS = YES;
				CLANG_WARN_EMPTY_BODY = YES;
				CLANG_WARN_ENUM_CONVERSION = YES;
				CLANG_WARN_INFINITE_RECURSION = YES;
				CLANG_WARN_INT_CONVERSION = YES;
				CLANG_WARN_NON_LITERAL_NULL_CONVERSION = YES;
				CLANG_WARN_OBJC_IMPLICIT_RETAIN_SELF = YES;
				CLANG_WARN_OBJC_LITERAL_CONVERSION = YES;
				CLANG_WARN_OBJC_ROOT_CLASS = YES_ERROR;
				CLANG_WARN_QUOTED_INCLUDE_IN_FRAMEWORK_HEADER = YES;
				CLANG_WARN_RANGE_LOOP_ANALYSIS = YES;
				CLANG_WARN_STRICT_PROTOTYPES = YES;
				CLANG_WARN_SUSPICIOUS_MOVE = YES;
				CLANG_WARN_UNGUARDED_AVAILABILITY = YES_AGGRESSIVE;
				CLANG_WARN_UNREACHABLE_CODE = YES;
				CLANG_WARN__DUPLICATE_METHOD_MATCH = YES;
				COPY_PHASE_STRIP = NO;
				DEBUG_INFORMATION_FORMAT = "dwarf-with-dsym";
				ENABLE_NS_ASSERTIONS = NO;
				ENABLE_STRICT_OBJC_MSGSEND = YES;
				ENABLE_USER_SCRIPT_SANDBOXING = NO;
				GCC_C_LANGUAGE_STANDARD = gnu17;
				GCC_NO_COMMON_BLOCKS = YES;
				GCC_WARN_64_TO_32_BIT_CONVERSION = YES;
				GCC_WARN_ABOUT_RETURN_TYPE = YES_ERROR;
				GCC_WARN_UNDECLARED_SELECTOR = YES;
				GCC_WARN_UNINITIALIZED_AUTOS = YES_AGGRESSIVE;
				GCC_WARN_UNUSED_FUNCTION = YES;
				GCC_WARN_UNUSED_VARIABLE = YES;
				IPHONEOS_DEPLOYMENT_TARGET = 15.0;
				LOCALIZATION_PREFERS_STRING_CATALOGS = YES;
				MTL_ENABLE_DEBUG_INFO = NO;
				MTL_FAST_MATH = YES;
				SDKROOT = iphoneos;
				SWIFT_COMPILATION_MODE = wholemodule;
				VALIDATE_PRODUCT = YES;
			};
			name = Release;
		};
		DCE602E82B0E7BB8001663B1 /* Debug */ = {
			isa = XCBuildConfiguration;
			baseConfigurationReference = 65824CF5DDBAFF4CDF81CE62 /* Pods-Food Delivery App.debug.xcconfig */;
			buildSettings = {
				ASSETCATALOG_COMPILER_APPICON_NAME = AppIcon;
				ASSETCATALOG_COMPILER_GLOBAL_ACCENT_COLOR_NAME = AccentColor;
				CODE_SIGN_STYLE = Automatic;
				CURRENT_PROJECT_VERSION = 1;
				DEVELOPMENT_TEAM = J82ZXF72BW;
				GENERATE_INFOPLIST_FILE = YES;
				INFOPLIST_FILE = "Food Delivery App/Supports/Info.plist";
				INFOPLIST_KEY_UIApplicationSupportsIndirectInputEvents = YES;
				INFOPLIST_KEY_UILaunchStoryboardName = LaunchScreen;
				INFOPLIST_KEY_UIMainStoryboardFile = "";
				INFOPLIST_KEY_UISupportedInterfaceOrientations = UIInterfaceOrientationPortrait;
				IPHONEOS_DEPLOYMENT_TARGET = 15.0;
				LD_RUNPATH_SEARCH_PATHS = (
					"$(inherited)",
					"@executable_path/Frameworks",
				);
				MARKETING_VERSION = 1.0.1;
				PRODUCT_BUNDLE_IDENTIFIER = "com.hbs.Food-Delivery-App";
				PRODUCT_NAME = "$(TARGET_NAME)";
				SWIFT_EMIT_LOC_STRINGS = YES;
				SWIFT_VERSION = 5.0;
				TARGETED_DEVICE_FAMILY = "1,2";
			};
			name = Debug;
		};
		DCE602E92B0E7BB8001663B1 /* Release */ = {
			isa = XCBuildConfiguration;
			baseConfigurationReference = A9C5316FCC8A1EEDD3BA55A8 /* Pods-Food Delivery App.release.xcconfig */;
			buildSettings = {
				ASSETCATALOG_COMPILER_APPICON_NAME = AppIcon;
				ASSETCATALOG_COMPILER_GLOBAL_ACCENT_COLOR_NAME = AccentColor;
				CODE_SIGN_STYLE = Automatic;
				CURRENT_PROJECT_VERSION = 1;
				DEVELOPMENT_TEAM = J82ZXF72BW;
				GENERATE_INFOPLIST_FILE = YES;
				INFOPLIST_FILE = "Food Delivery App/Supports/Info.plist";
				INFOPLIST_KEY_UIApplicationSupportsIndirectInputEvents = YES;
				INFOPLIST_KEY_UILaunchStoryboardName = LaunchScreen;
				INFOPLIST_KEY_UIMainStoryboardFile = "";
				INFOPLIST_KEY_UISupportedInterfaceOrientations = UIInterfaceOrientationPortrait;
				IPHONEOS_DEPLOYMENT_TARGET = 15.0;
				LD_RUNPATH_SEARCH_PATHS = (
					"$(inherited)",
					"@executable_path/Frameworks",
				);
				MARKETING_VERSION = 1.0.1;
				PRODUCT_BUNDLE_IDENTIFIER = "com.hbs.Food-Delivery-App";
				PRODUCT_NAME = "$(TARGET_NAME)";
				SWIFT_EMIT_LOC_STRINGS = YES;
				SWIFT_VERSION = 5.0;
				TARGETED_DEVICE_FAMILY = "1,2";
			};
			name = Release;
		};
/* End XCBuildConfiguration section */

/* Begin XCConfigurationList section */
		DCE602CE2B0E7BB6001663B1 /* Build configuration list for PBXProject "Food Delivery App" */ = {
			isa = XCConfigurationList;
			buildConfigurations = (
				DCE602E52B0E7BB8001663B1 /* Debug */,
				DCE602E62B0E7BB8001663B1 /* Release */,
			);
			defaultConfigurationIsVisible = 0;
			defaultConfigurationName = Release;
		};
		DCE602E72B0E7BB8001663B1 /* Build configuration list for PBXNativeTarget "Food Delivery App" */ = {
			isa = XCConfigurationList;
			buildConfigurations = (
				DCE602E82B0E7BB8001663B1 /* Debug */,
				DCE602E92B0E7BB8001663B1 /* Release */,
			);
			defaultConfigurationIsVisible = 0;
			defaultConfigurationName = Release;
		};
/* End XCConfigurationList section */

/* Begin XCVersionGroup section */
		DCC669532B12215300BE1233 /* Model.xcdatamodeld */ = {
			isa = XCVersionGroup;
			children = (
				DCC669542B12215300BE1233 /* Model.xcdatamodel */,
			);
			currentVersion = DCC669542B12215300BE1233 /* Model.xcdatamodel */;
			path = Model.xcdatamodeld;
			sourceTree = "<group>";
			versionGroupType = wrapper.xcdatamodel;
		};
/* End XCVersionGroup section */
	};
	rootObject = DCE602CB2B0E7BB6001663B1 /* Project object */;
}
